// !$*UTF8*$!
{
	archiveVersion = 1;
	classes = {
	};
	objectVersion = 56;
	objects = {

/* Begin PBXBuildFile section */
		4981D45F2C7F4B93002BE9DF /* WikipediaPlacesApp.swift in Sources */ = {isa = PBXBuildFile; fileRef = 4981D45E2C7F4B93002BE9DF /* WikipediaPlacesApp.swift */; };
		4981D4612C7F4B93002BE9DF /* ContentView.swift in Sources */ = {isa = PBXBuildFile; fileRef = 4981D4602C7F4B93002BE9DF /* ContentView.swift */; };
		4981D4632C7F4B94002BE9DF /* Assets.xcassets in Resources */ = {isa = PBXBuildFile; fileRef = 4981D4622C7F4B94002BE9DF /* Assets.xcassets */; };
		4981D4662C7F4B94002BE9DF /* Preview Assets.xcassets in Resources */ = {isa = PBXBuildFile; fileRef = 4981D4652C7F4B94002BE9DF /* Preview Assets.xcassets */; };
		4981D4702C7F4B94002BE9DF /* WikipediaPlacesTests.swift in Sources */ = {isa = PBXBuildFile; fileRef = 4981D46F2C7F4B94002BE9DF /* WikipediaPlacesTests.swift */; };
		4981D47A2C7F4B94002BE9DF /* WikipediaPlacesUITests.swift in Sources */ = {isa = PBXBuildFile; fileRef = 4981D4792C7F4B94002BE9DF /* WikipediaPlacesUITests.swift */; };
		4981D47C2C7F4B94002BE9DF /* WikipediaPlacesUITestsLaunchTests.swift in Sources */ = {isa = PBXBuildFile; fileRef = 4981D47B2C7F4B94002BE9DF /* WikipediaPlacesUITestsLaunchTests.swift */; };
		4981D4892C7F52F5002BE9DF /* Colors.xcassets in Resources */ = {isa = PBXBuildFile; fileRef = 4981D4882C7F52F5002BE9DF /* Colors.xcassets */; };
		4981D48D2C7F5457002BE9DF /* Development.xcconfig in Resources */ = {isa = PBXBuildFile; fileRef = 4981D48C2C7F5457002BE9DF /* Development.xcconfig */; };
		4981D48F2C7F5463002BE9DF /* Production.xcconfig in Resources */ = {isa = PBXBuildFile; fileRef = 4981D48E2C7F5463002BE9DF /* Production.xcconfig */; };
		4981D4922C7F5765002BE9DF /* Configuration.swift in Sources */ = {isa = PBXBuildFile; fileRef = 4981D4912C7F5765002BE9DF /* Configuration.swift */; };
/* End PBXBuildFile section */

/* Begin PBXContainerItemProxy section */
		4981D46C2C7F4B94002BE9DF /* PBXContainerItemProxy */ = {
			isa = PBXContainerItemProxy;
			containerPortal = 4981D4532C7F4B93002BE9DF /* Project object */;
			proxyType = 1;
			remoteGlobalIDString = 4981D45A2C7F4B93002BE9DF;
			remoteInfo = WikipediaPlaces;
		};
		4981D4762C7F4B94002BE9DF /* PBXContainerItemProxy */ = {
			isa = PBXContainerItemProxy;
			containerPortal = 4981D4532C7F4B93002BE9DF /* Project object */;
			proxyType = 1;
			remoteGlobalIDString = 4981D45A2C7F4B93002BE9DF;
			remoteInfo = WikipediaPlaces;
		};
/* End PBXContainerItemProxy section */

/* Begin PBXFileReference section */
		4981D45B2C7F4B93002BE9DF /* WikipediaPlaces.app */ = {isa = PBXFileReference; explicitFileType = wrapper.application; includeInIndex = 0; path = WikipediaPlaces.app; sourceTree = BUILT_PRODUCTS_DIR; };
		4981D45E2C7F4B93002BE9DF /* WikipediaPlacesApp.swift */ = {isa = PBXFileReference; lastKnownFileType = sourcecode.swift; path = WikipediaPlacesApp.swift; sourceTree = "<group>"; };
		4981D4602C7F4B93002BE9DF /* ContentView.swift */ = {isa = PBXFileReference; lastKnownFileType = sourcecode.swift; path = ContentView.swift; sourceTree = "<group>"; };
		4981D4622C7F4B94002BE9DF /* Assets.xcassets */ = {isa = PBXFileReference; lastKnownFileType = folder.assetcatalog; path = Assets.xcassets; sourceTree = "<group>"; };
		4981D4652C7F4B94002BE9DF /* Preview Assets.xcassets */ = {isa = PBXFileReference; lastKnownFileType = folder.assetcatalog; path = "Preview Assets.xcassets"; sourceTree = "<group>"; };
		4981D46B2C7F4B94002BE9DF /* WikipediaPlacesTests.xctest */ = {isa = PBXFileReference; explicitFileType = wrapper.cfbundle; includeInIndex = 0; path = WikipediaPlacesTests.xctest; sourceTree = BUILT_PRODUCTS_DIR; };
		4981D46F2C7F4B94002BE9DF /* WikipediaPlacesTests.swift */ = {isa = PBXFileReference; lastKnownFileType = sourcecode.swift; path = WikipediaPlacesTests.swift; sourceTree = "<group>"; };
		4981D4752C7F4B94002BE9DF /* WikipediaPlacesUITests.xctest */ = {isa = PBXFileReference; explicitFileType = wrapper.cfbundle; includeInIndex = 0; path = WikipediaPlacesUITests.xctest; sourceTree = BUILT_PRODUCTS_DIR; };
		4981D4792C7F4B94002BE9DF /* WikipediaPlacesUITests.swift */ = {isa = PBXFileReference; lastKnownFileType = sourcecode.swift; path = WikipediaPlacesUITests.swift; sourceTree = "<group>"; };
		4981D47B2C7F4B94002BE9DF /* WikipediaPlacesUITestsLaunchTests.swift */ = {isa = PBXFileReference; lastKnownFileType = sourcecode.swift; path = WikipediaPlacesUITestsLaunchTests.swift; sourceTree = "<group>"; };
		4981D4882C7F52F5002BE9DF /* Colors.xcassets */ = {isa = PBXFileReference; lastKnownFileType = folder.assetcatalog; path = Colors.xcassets; sourceTree = "<group>"; };
		4981D48C2C7F5457002BE9DF /* Development.xcconfig */ = {isa = PBXFileReference; lastKnownFileType = text.xcconfig; path = Development.xcconfig; sourceTree = "<group>"; };
		4981D48E2C7F5463002BE9DF /* Production.xcconfig */ = {isa = PBXFileReference; lastKnownFileType = text.xcconfig; path = Production.xcconfig; sourceTree = "<group>"; };
		4981D4902C7F5706002BE9DF /* Info.plist */ = {isa = PBXFileReference; lastKnownFileType = text.plist; path = Info.plist; sourceTree = "<group>"; };
		4981D4912C7F5765002BE9DF /* Configuration.swift */ = {isa = PBXFileReference; lastKnownFileType = sourcecode.swift; path = Configuration.swift; sourceTree = "<group>"; };
/* End PBXFileReference section */

/* Begin PBXFrameworksBuildPhase section */
		4981D4582C7F4B93002BE9DF /* Frameworks */ = {
			isa = PBXFrameworksBuildPhase;
			buildActionMask = 2147483647;
			files = (
			);
			runOnlyForDeploymentPostprocessing = 0;
		};
		4981D4682C7F4B94002BE9DF /* Frameworks */ = {
			isa = PBXFrameworksBuildPhase;
			buildActionMask = 2147483647;
			files = (
			);
			runOnlyForDeploymentPostprocessing = 0;
		};
		4981D4722C7F4B94002BE9DF /* Frameworks */ = {
			isa = PBXFrameworksBuildPhase;
			buildActionMask = 2147483647;
			files = (
			);
			runOnlyForDeploymentPostprocessing = 0;
		};
/* End PBXFrameworksBuildPhase section */

/* Begin PBXGroup section */
		4981D4522C7F4B93002BE9DF = {
			isa = PBXGroup;
			children = (
				4981D45D2C7F4B93002BE9DF /* WikipediaPlaces */,
				4981D46E2C7F4B94002BE9DF /* WikipediaPlacesTests */,
				4981D4782C7F4B94002BE9DF /* WikipediaPlacesUITests */,
				4981D45C2C7F4B93002BE9DF /* Products */,
			);
			sourceTree = "<group>";
		};
		4981D45C2C7F4B93002BE9DF /* Products */ = {
			isa = PBXGroup;
			children = (
				4981D45B2C7F4B93002BE9DF /* WikipediaPlaces.app */,
				4981D46B2C7F4B94002BE9DF /* WikipediaPlacesTests.xctest */,
				4981D4752C7F4B94002BE9DF /* WikipediaPlacesUITests.xctest */,
			);
			name = Products;
			sourceTree = "<group>";
		};
		4981D45D2C7F4B93002BE9DF /* WikipediaPlaces */ = {
			isa = PBXGroup;
			children = (
				4981D4902C7F5706002BE9DF /* Info.plist */,
				4981D48A2C7F5412002BE9DF /* Configuration */,
				4981D45E2C7F4B93002BE9DF /* WikipediaPlacesApp.swift */,
				4981D4602C7F4B93002BE9DF /* ContentView.swift */,
				4981D4622C7F4B94002BE9DF /* Assets.xcassets */,
				4981D4882C7F52F5002BE9DF /* Colors.xcassets */,
				4981D4642C7F4B94002BE9DF /* Preview Content */,
			);
			path = WikipediaPlaces;
			sourceTree = "<group>";
		};
		4981D4642C7F4B94002BE9DF /* Preview Content */ = {
			isa = PBXGroup;
			children = (
				4981D4652C7F4B94002BE9DF /* Preview Assets.xcassets */,
			);
			path = "Preview Content";
			sourceTree = "<group>";
		};
		4981D46E2C7F4B94002BE9DF /* WikipediaPlacesTests */ = {
			isa = PBXGroup;
			children = (
				4981D46F2C7F4B94002BE9DF /* WikipediaPlacesTests.swift */,
			);
			path = WikipediaPlacesTests;
			sourceTree = "<group>";
		};
		4981D4782C7F4B94002BE9DF /* WikipediaPlacesUITests */ = {
			isa = PBXGroup;
			children = (
				4981D4792C7F4B94002BE9DF /* WikipediaPlacesUITests.swift */,
				4981D47B2C7F4B94002BE9DF /* WikipediaPlacesUITestsLaunchTests.swift */,
			);
			path = WikipediaPlacesUITests;
			sourceTree = "<group>";
		};
		4981D48A2C7F5412002BE9DF /* Configuration */ = {
			isa = PBXGroup;
			children = (
				4981D48B2C7F543F002BE9DF /* Environment */,
				4981D4912C7F5765002BE9DF /* Configuration.swift */,
			);
			path = Configuration;
			sourceTree = "<group>";
		};
		4981D48B2C7F543F002BE9DF /* Environment */ = {
			isa = PBXGroup;
			children = (
				4981D48C2C7F5457002BE9DF /* Development.xcconfig */,
				4981D48E2C7F5463002BE9DF /* Production.xcconfig */,
			);
			path = Environment;
			sourceTree = "<group>";
		};
/* End PBXGroup section */

/* Begin PBXNativeTarget section */
		4981D45A2C7F4B93002BE9DF /* WikipediaPlaces */ = {
			isa = PBXNativeTarget;
			buildConfigurationList = 4981D47F2C7F4B94002BE9DF /* Build configuration list for PBXNativeTarget "WikipediaPlaces" */;
			buildPhases = (
				4981D4572C7F4B93002BE9DF /* Sources */,
				4981D4582C7F4B93002BE9DF /* Frameworks */,
				4981D4592C7F4B93002BE9DF /* Resources */,
			);
			buildRules = (
			);
			dependencies = (
			);
			name = WikipediaPlaces;
			productName = WikipediaPlaces;
			productReference = 4981D45B2C7F4B93002BE9DF /* WikipediaPlaces.app */;
			productType = "com.apple.product-type.application";
		};
		4981D46A2C7F4B94002BE9DF /* WikipediaPlacesTests */ = {
			isa = PBXNativeTarget;
			buildConfigurationList = 4981D4822C7F4B94002BE9DF /* Build configuration list for PBXNativeTarget "WikipediaPlacesTests" */;
			buildPhases = (
				4981D4672C7F4B94002BE9DF /* Sources */,
				4981D4682C7F4B94002BE9DF /* Frameworks */,
				4981D4692C7F4B94002BE9DF /* Resources */,
			);
			buildRules = (
			);
			dependencies = (
				4981D46D2C7F4B94002BE9DF /* PBXTargetDependency */,
			);
			name = WikipediaPlacesTests;
			productName = WikipediaPlacesTests;
			productReference = 4981D46B2C7F4B94002BE9DF /* WikipediaPlacesTests.xctest */;
			productType = "com.apple.product-type.bundle.unit-test";
		};
		4981D4742C7F4B94002BE9DF /* WikipediaPlacesUITests */ = {
			isa = PBXNativeTarget;
			buildConfigurationList = 4981D4852C7F4B94002BE9DF /* Build configuration list for PBXNativeTarget "WikipediaPlacesUITests" */;
			buildPhases = (
				4981D4712C7F4B94002BE9DF /* Sources */,
				4981D4722C7F4B94002BE9DF /* Frameworks */,
				4981D4732C7F4B94002BE9DF /* Resources */,
			);
			buildRules = (
			);
			dependencies = (
				4981D4772C7F4B94002BE9DF /* PBXTargetDependency */,
			);
			name = WikipediaPlacesUITests;
			productName = WikipediaPlacesUITests;
			productReference = 4981D4752C7F4B94002BE9DF /* WikipediaPlacesUITests.xctest */;
			productType = "com.apple.product-type.bundle.ui-testing";
		};
/* End PBXNativeTarget section */

/* Begin PBXProject section */
		4981D4532C7F4B93002BE9DF /* Project object */ = {
			isa = PBXProject;
			attributes = {
				BuildIndependentTargetsInParallel = 1;
				LastSwiftUpdateCheck = 1540;
				LastUpgradeCheck = 1540;
				TargetAttributes = {
					4981D45A2C7F4B93002BE9DF = {
						CreatedOnToolsVersion = 15.4;
					};
					4981D46A2C7F4B94002BE9DF = {
						CreatedOnToolsVersion = 15.4;
						TestTargetID = 4981D45A2C7F4B93002BE9DF;
					};
					4981D4742C7F4B94002BE9DF = {
						CreatedOnToolsVersion = 15.4;
						TestTargetID = 4981D45A2C7F4B93002BE9DF;
					};
				};
			};
			buildConfigurationList = 4981D4562C7F4B93002BE9DF /* Build configuration list for PBXProject "WikipediaPlaces" */;
			compatibilityVersion = "Xcode 14.0";
			developmentRegion = en;
			hasScannedForEncodings = 0;
			knownRegions = (
				en,
				Base,
			);
			mainGroup = 4981D4522C7F4B93002BE9DF;
			productRefGroup = 4981D45C2C7F4B93002BE9DF /* Products */;
			projectDirPath = "";
			projectRoot = "";
			targets = (
				4981D45A2C7F4B93002BE9DF /* WikipediaPlaces */,
				4981D46A2C7F4B94002BE9DF /* WikipediaPlacesTests */,
				4981D4742C7F4B94002BE9DF /* WikipediaPlacesUITests */,
			);
		};
/* End PBXProject section */

/* Begin PBXResourcesBuildPhase section */
		4981D4592C7F4B93002BE9DF /* Resources */ = {
			isa = PBXResourcesBuildPhase;
			buildActionMask = 2147483647;
			files = (
				4981D4892C7F52F5002BE9DF /* Colors.xcassets in Resources */,
				4981D48F2C7F5463002BE9DF /* Production.xcconfig in Resources */,
				4981D4662C7F4B94002BE9DF /* Preview Assets.xcassets in Resources */,
				4981D48D2C7F5457002BE9DF /* Development.xcconfig in Resources */,
				4981D4632C7F4B94002BE9DF /* Assets.xcassets in Resources */,
			);
			runOnlyForDeploymentPostprocessing = 0;
		};
		4981D4692C7F4B94002BE9DF /* Resources */ = {
			isa = PBXResourcesBuildPhase;
			buildActionMask = 2147483647;
			files = (
			);
			runOnlyForDeploymentPostprocessing = 0;
		};
		4981D4732C7F4B94002BE9DF /* Resources */ = {
			isa = PBXResourcesBuildPhase;
			buildActionMask = 2147483647;
			files = (
			);
			runOnlyForDeploymentPostprocessing = 0;
		};
/* End PBXResourcesBuildPhase section */

/* Begin PBXSourcesBuildPhase section */
		4981D4572C7F4B93002BE9DF /* Sources */ = {
			isa = PBXSourcesBuildPhase;
			buildActionMask = 2147483647;
			files = (
				4981D4922C7F5765002BE9DF /* Configuration.swift in Sources */,
				4981D4612C7F4B93002BE9DF /* ContentView.swift in Sources */,
				4981D45F2C7F4B93002BE9DF /* WikipediaPlacesApp.swift in Sources */,
			);
			runOnlyForDeploymentPostprocessing = 0;
		};
		4981D4672C7F4B94002BE9DF /* Sources */ = {
			isa = PBXSourcesBuildPhase;
			buildActionMask = 2147483647;
			files = (
				4981D4702C7F4B94002BE9DF /* WikipediaPlacesTests.swift in Sources */,
			);
			runOnlyForDeploymentPostprocessing = 0;
		};
		4981D4712C7F4B94002BE9DF /* Sources */ = {
			isa = PBXSourcesBuildPhase;
			buildActionMask = 2147483647;
			files = (
				4981D47C2C7F4B94002BE9DF /* WikipediaPlacesUITestsLaunchTests.swift in Sources */,
				4981D47A2C7F4B94002BE9DF /* WikipediaPlacesUITests.swift in Sources */,
			);
			runOnlyForDeploymentPostprocessing = 0;
		};
/* End PBXSourcesBuildPhase section */

/* Begin PBXTargetDependency section */
		4981D46D2C7F4B94002BE9DF /* PBXTargetDependency */ = {
			isa = PBXTargetDependency;
			target = 4981D45A2C7F4B93002BE9DF /* WikipediaPlaces */;
			targetProxy = 4981D46C2C7F4B94002BE9DF /* PBXContainerItemProxy */;
		};
		4981D4772C7F4B94002BE9DF /* PBXTargetDependency */ = {
			isa = PBXTargetDependency;
			target = 4981D45A2C7F4B93002BE9DF /* WikipediaPlaces */;
			targetProxy = 4981D4762C7F4B94002BE9DF /* PBXContainerItemProxy */;
		};
/* End PBXTargetDependency section */

/* Begin XCBuildConfiguration section */
		4981D47D2C7F4B94002BE9DF /* Debug */ = {
			isa = XCBuildConfiguration;
			buildSettings = {
				ALWAYS_SEARCH_USER_PATHS = NO;
				ASSETCATALOG_COMPILER_GENERATE_SWIFT_ASSET_SYMBOL_EXTENSIONS = YES;
				CLANG_ANALYZER_NONNULL = YES;
				CLANG_ANALYZER_NUMBER_OBJECT_CONVERSION = YES_AGGRESSIVE;
				CLANG_CXX_LANGUAGE_STANDARD = "gnu++20";
				CLANG_ENABLE_MODULES = YES;
				CLANG_ENABLE_OBJC_ARC = YES;
				CLANG_ENABLE_OBJC_WEAK = YES;
				CLANG_WARN_BLOCK_CAPTURE_AUTORELEASING = YES;
				CLANG_WARN_BOOL_CONVERSION = YES;
				CLANG_WARN_COMMA = YES;
				CLANG_WARN_CONSTANT_CONVERSION = YES;
				CLANG_WARN_DEPRECATED_OBJC_IMPLEMENTATIONS = YES;
				CLANG_WARN_DIRECT_OBJC_ISA_USAGE = YES_ERROR;
				CLANG_WARN_DOCUMENTATION_COMMENTS = YES;
				CLANG_WARN_EMPTY_BODY = YES;
				CLANG_WARN_ENUM_CONVERSION = YES;
				CLANG_WARN_INFINITE_RECURSION = YES;
				CLANG_WARN_INT_CONVERSION = YES;
				CLANG_WARN_NON_LITERAL_NULL_CONVERSION = YES;
				CLANG_WARN_OBJC_IMPLICIT_RETAIN_SELF = YES;
				CLANG_WARN_OBJC_LITERAL_CONVERSION = YES;
				CLANG_WARN_OBJC_ROOT_CLASS = YES_ERROR;
				CLANG_WARN_QUOTED_INCLUDE_IN_FRAMEWORK_HEADER = YES;
				CLANG_WARN_RANGE_LOOP_ANALYSIS = YES;
				CLANG_WARN_STRICT_PROTOTYPES = YES;
				CLANG_WARN_SUSPICIOUS_MOVE = YES;
				CLANG_WARN_UNGUARDED_AVAILABILITY = YES_AGGRESSIVE;
				CLANG_WARN_UNREACHABLE_CODE = YES;
				CLANG_WARN__DUPLICATE_METHOD_MATCH = YES;
				COPY_PHASE_STRIP = NO;
				DEBUG_INFORMATION_FORMAT = dwarf;
				ENABLE_STRICT_OBJC_MSGSEND = YES;
				ENABLE_TESTABILITY = YES;
				ENABLE_USER_SCRIPT_SANDBOXING = YES;
				GCC_C_LANGUAGE_STANDARD = gnu17;
				GCC_DYNAMIC_NO_PIC = NO;
				GCC_NO_COMMON_BLOCKS = YES;
				GCC_OPTIMIZATION_LEVEL = 0;
				GCC_PREPROCESSOR_DEFINITIONS = (
					"DEBUG=1",
					"$(inherited)",
				);
				GCC_WARN_64_TO_32_BIT_CONVERSION = YES;
				GCC_WARN_ABOUT_RETURN_TYPE = YES_ERROR;
				GCC_WARN_UNDECLARED_SELECTOR = YES;
				GCC_WARN_UNINITIALIZED_AUTOS = YES_AGGRESSIVE;
				GCC_WARN_UNUSED_FUNCTION = YES;
				GCC_WARN_UNUSED_VARIABLE = YES;
				IPHONEOS_DEPLOYMENT_TARGET = 17.5;
				LOCALIZATION_PREFERS_STRING_CATALOGS = YES;
				MTL_ENABLE_DEBUG_INFO = INCLUDE_SOURCE;
				MTL_FAST_MATH = YES;
				ONLY_ACTIVE_ARCH = YES;
				SDKROOT = iphoneos;
				SWIFT_ACTIVE_COMPILATION_CONDITIONS = "DEBUG $(inherited)";
				SWIFT_OPTIMIZATION_LEVEL = "-Onone";
			};
			name = Debug;
		};
		4981D47E2C7F4B94002BE9DF /* Release */ = {
			isa = XCBuildConfiguration;
			buildSettings = {
				ALWAYS_SEARCH_USER_PATHS = NO;
				ASSETCATALOG_COMPILER_GENERATE_SWIFT_ASSET_SYMBOL_EXTENSIONS = YES;
				CLANG_ANALYZER_NONNULL = YES;
				CLANG_ANALYZER_NUMBER_OBJECT_CONVERSION = YES_AGGRESSIVE;
				CLANG_CXX_LANGUAGE_STANDARD = "gnu++20";
				CLANG_ENABLE_MODULES = YES;
				CLANG_ENABLE_OBJC_ARC = YES;
				CLANG_ENABLE_OBJC_WEAK = YES;
				CLANG_WARN_BLOCK_CAPTURE_AUTORELEASING = YES;
				CLANG_WARN_BOOL_CONVERSION = YES;
				CLANG_WARN_COMMA = YES;
				CLANG_WARN_CONSTANT_CONVERSION = YES;
				CLANG_WARN_DEPRECATED_OBJC_IMPLEMENTATIONS = YES;
				CLANG_WARN_DIRECT_OBJC_ISA_USAGE = YES_ERROR;
				CLANG_WARN_DOCUMENTATION_COMMENTS = YES;
				CLANG_WARN_EMPTY_BODY = YES;
				CLANG_WARN_ENUM_CONVERSION = YES;
				CLANG_WARN_INFINITE_RECURSION = YES;
				CLANG_WARN_INT_CONVERSION = YES;
				CLANG_WARN_NON_LITERAL_NULL_CONVERSION = YES;
				CLANG_WARN_OBJC_IMPLICIT_RETAIN_SELF = YES;
				CLANG_WARN_OBJC_LITERAL_CONVERSION = YES;
				CLANG_WARN_OBJC_ROOT_CLASS = YES_ERROR;
				CLANG_WARN_QUOTED_INCLUDE_IN_FRAMEWORK_HEADER = YES;
				CLANG_WARN_RANGE_LOOP_ANALYSIS = YES;
				CLANG_WARN_STRICT_PROTOTYPES = YES;
				CLANG_WARN_SUSPICIOUS_MOVE = YES;
				CLANG_WARN_UNGUARDED_AVAILABILITY = YES_AGGRESSIVE;
				CLANG_WARN_UNREACHABLE_CODE = YES;
				CLANG_WARN__DUPLICATE_METHOD_MATCH = YES;
				COPY_PHASE_STRIP = NO;
				DEBUG_INFORMATION_FORMAT = "dwarf-with-dsym";
				ENABLE_NS_ASSERTIONS = NO;
				ENABLE_STRICT_OBJC_MSGSEND = YES;
				ENABLE_USER_SCRIPT_SANDBOXING = YES;
				GCC_C_LANGUAGE_STANDARD = gnu17;
				GCC_NO_COMMON_BLOCKS = YES;
				GCC_WARN_64_TO_32_BIT_CONVERSION = YES;
				GCC_WARN_ABOUT_RETURN_TYPE = YES_ERROR;
				GCC_WARN_UNDECLARED_SELECTOR = YES;
				GCC_WARN_UNINITIALIZED_AUTOS = YES_AGGRESSIVE;
				GCC_WARN_UNUSED_FUNCTION = YES;
				GCC_WARN_UNUSED_VARIABLE = YES;
				IPHONEOS_DEPLOYMENT_TARGET = 17.5;
				LOCALIZATION_PREFERS_STRING_CATALOGS = YES;
				MTL_ENABLE_DEBUG_INFO = NO;
				MTL_FAST_MATH = YES;
				SDKROOT = iphoneos;
				SWIFT_COMPILATION_MODE = wholemodule;
				VALIDATE_PRODUCT = YES;
			};
			name = Release;
		};
		4981D4802C7F4B94002BE9DF /* Debug */ = {
			isa = XCBuildConfiguration;
			baseConfigurationReference = 4981D48C2C7F5457002BE9DF /* Development.xcconfig */;
			buildSettings = {
				ASSETCATALOG_COMPILER_APPICON_NAME = AppIcon;
				ASSETCATALOG_COMPILER_GLOBAL_ACCENT_COLOR_NAME = AccentColor;
				CODE_SIGN_STYLE = Automatic;
				CURRENT_PROJECT_VERSION = 1;
				DEVELOPMENT_ASSET_PATHS = "\"WikipediaPlaces/Preview Content\"";
				ENABLE_PREVIEWS = YES;
				GENERATE_INFOPLIST_FILE = YES;
				INFOPLIST_FILE = WikipediaPlaces/Info.plist;
				INFOPLIST_KEY_UIApplicationSceneManifest_Generation = YES;
				INFOPLIST_KEY_UIApplicationSupportsIndirectInputEvents = YES;
				INFOPLIST_KEY_UILaunchScreen_Generation = YES;
				INFOPLIST_KEY_UISupportedInterfaceOrientations_iPad = "UIInterfaceOrientationPortrait UIInterfaceOrientationPortraitUpsideDown UIInterfaceOrientationLandscapeLeft UIInterfaceOrientationLandscapeRight";
				INFOPLIST_KEY_UISupportedInterfaceOrientations_iPhone = "UIInterfaceOrientationPortrait UIInterfaceOrientationLandscapeLeft UIInterfaceOrientationLandscapeRight";
				LD_RUNPATH_SEARCH_PATHS = (
					"$(inherited)",
					"@executable_path/Frameworks",
				);
				MARKETING_VERSION = 1.0;
				PRODUCT_BUNDLE_IDENTIFIER = com.wikipedia.places.WikipediaPlaces;
				PRODUCT_NAME = "$(TARGET_NAME)";
				SWIFT_EMIT_LOC_STRINGS = YES;
				SWIFT_VERSION = 5.0;
				TARGETED_DEVICE_FAMILY = "1,2";
			};
			name = Debug;
		};
		4981D4812C7F4B94002BE9DF /* Release */ = {
			isa = XCBuildConfiguration;
			baseConfigurationReference = 4981D48E2C7F5463002BE9DF /* Production.xcconfig */;
			buildSettings = {
				ASSETCATALOG_COMPILER_APPICON_NAME = AppIcon;
				ASSETCATALOG_COMPILER_GLOBAL_ACCENT_COLOR_NAME = AccentColor;
				CODE_SIGN_STYLE = Automatic;
				CURRENT_PROJECT_VERSION = 1;
				DEVELOPMENT_ASSET_PATHS = "\"WikipediaPlaces/Preview Content\"";
				ENABLE_PREVIEWS = YES;
				GENERATE_INFOPLIST_FILE = YES;
				INFOPLIST_FILE = WikipediaPlaces/Info.plist;
				INFOPLIST_KEY_UIApplicationSceneManifest_Generation = YES;
				INFOPLIST_KEY_UIApplicationSupportsIndirectInputEvents = YES;
				INFOPLIST_KEY_UILaunchScreen_Generation = YES;
				INFOPLIST_KEY_UISupportedInterfaceOrientations_iPad = "UIInterfaceOrientationPortrait UIInterfaceOrientationPortraitUpsideDown UIInterfaceOrientationLandscapeLeft UIInterfaceOrientationLandscapeRight";
				INFOPLIST_KEY_UISupportedInterfaceOrientations_iPhone = "UIInterfaceOrientationPortrait UIInterfaceOrientationLandscapeLeft UIInterfaceOrientationLandscapeRight";
				LD_RUNPATH_SEARCH_PATHS = (
					"$(inherited)",
					"@executable_path/Frameworks",
				);
				MARKETING_VERSION = 1.0;
				PRODUCT_BUNDLE_IDENTIFIER = com.wikipedia.places.WikipediaPlaces;
				PRODUCT_NAME = "$(TARGET_NAME)";
				SWIFT_EMIT_LOC_STRINGS = YES;
				SWIFT_VERSION = 5.0;
				TARGETED_DEVICE_FAMILY = "1,2";
			};
			name = Release;
		};
		4981D4832C7F4B94002BE9DF /* Debug */ = {
			isa = XCBuildConfiguration;
			buildSettings = {
				ALWAYS_EMBED_SWIFT_STANDARD_LIBRARIES = YES;
				BUNDLE_LOADER = "$(TEST_HOST)";
				CODE_SIGN_STYLE = Automatic;
				CURRENT_PROJECT_VERSION = 1;
				GENERATE_INFOPLIST_FILE = YES;
				IPHONEOS_DEPLOYMENT_TARGET = 17.5;
				MARKETING_VERSION = 1.0;
				PRODUCT_BUNDLE_IDENTIFIER = com.wikipedia.places.WikipediaPlacesTests;
				PRODUCT_NAME = "$(TARGET_NAME)";
				SWIFT_EMIT_LOC_STRINGS = NO;
				SWIFT_VERSION = 5.0;
				TARGETED_DEVICE_FAMILY = "1,2";
				TEST_HOST = "$(BUILT_PRODUCTS_DIR)/WikipediaPlaces.app/$(BUNDLE_EXECUTABLE_FOLDER_PATH)/WikipediaPlaces";
			};
			name = Debug;
		};
		4981D4842C7F4B94002BE9DF /* Release */ = {
			isa = XCBuildConfiguration;
			buildSettings = {
				ALWAYS_EMBED_SWIFT_STANDARD_LIBRARIES = YES;
				BUNDLE_LOADER = "$(TEST_HOST)";
				CODE_SIGN_STYLE = Automatic;
				CURRENT_PROJECT_VERSION = 1;
				GENERATE_INFOPLIST_FILE = YES;
				IPHONEOS_DEPLOYMENT_TARGET = 17.5;
				MARKETING_VERSION = 1.0;
				PRODUCT_BUNDLE_IDENTIFIER = com.wikipedia.places.WikipediaPlacesTests;
				PRODUCT_NAME = "$(TARGET_NAME)";
				SWIFT_EMIT_LOC_STRINGS = NO;
				SWIFT_VERSION = 5.0;
				TARGETED_DEVICE_FAMILY = "1,2";
				TEST_HOST = "$(BUILT_PRODUCTS_DIR)/WikipediaPlaces.app/$(BUNDLE_EXECUTABLE_FOLDER_PATH)/WikipediaPlaces";
			};
			name = Release;
		};
		4981D4862C7F4B94002BE9DF /* Debug */ = {
			isa = XCBuildConfiguration;
			buildSettings = {
				ALWAYS_EMBED_SWIFT_STANDARD_LIBRARIES = YES;
				CODE_SIGN_STYLE = Automatic;
				CURRENT_PROJECT_VERSION = 1;
				GENERATE_INFOPLIST_FILE = YES;
				MARKETING_VERSION = 1.0;
				PRODUCT_BUNDLE_IDENTIFIER = com.wikipedia.places.WikipediaPlacesUITests;
				PRODUCT_NAME = "$(TARGET_NAME)";
				SWIFT_EMIT_LOC_STRINGS = NO;
				SWIFT_VERSION = 5.0;
				TARGETED_DEVICE_FAMILY = "1,2";
				TEST_TARGET_NAME = WikipediaPlaces;
			};
			name = Debug;
		};
		4981D4872C7F4B94002BE9DF /* Release */ = {
			isa = XCBuildConfiguration;
			buildSettings = {
				ALWAYS_EMBED_SWIFT_STANDARD_LIBRARIES = YES;
				CODE_SIGN_STYLE = Automatic;
				CURRENT_PROJECT_VERSION = 1;
				GENERATE_INFOPLIST_FILE = YES;
				MARKETING_VERSION = 1.0;
				PRODUCT_BUNDLE_IDENTIFIER = com.wikipedia.places.WikipediaPlacesUITests;
				PRODUCT_NAME = "$(TARGET_NAME)";
				SWIFT_EMIT_LOC_STRINGS = NO;
				SWIFT_VERSION = 5.0;
				TARGETED_DEVICE_FAMILY = "1,2";
				TEST_TARGET_NAME = WikipediaPlaces;
			};
			name = Release;
		};
/* End XCBuildConfiguration section */

/* Begin XCConfigurationList section */
		4981D4562C7F4B93002BE9DF /* Build configuration list for PBXProject "WikipediaPlaces" */ = {
			isa = XCConfigurationList;
			buildConfigurations = (
				4981D47D2C7F4B94002BE9DF /* Debug */,
				4981D47E2C7F4B94002BE9DF /* Release */,
			);
			defaultConfigurationIsVisible = 0;
			defaultConfigurationName = Release;
		};
		4981D47F2C7F4B94002BE9DF /* Build configuration list for PBXNativeTarget "WikipediaPlaces" */ = {
			isa = XCConfigurationList;
			buildConfigurations = (
				4981D4802C7F4B94002BE9DF /* Debug */,
				4981D4812C7F4B94002BE9DF /* Release */,
			);
			defaultConfigurationIsVisible = 0;
			defaultConfigurationName = Release;
		};
		4981D4822C7F4B94002BE9DF /* Build configuration list for PBXNativeTarget "WikipediaPlacesTests" */ = {
			isa = XCConfigurationList;
			buildConfigurations = (
				4981D4832C7F4B94002BE9DF /* Debug */,
				4981D4842C7F4B94002BE9DF /* Release */,
			);
			defaultConfigurationIsVisible = 0;
			defaultConfigurationName = Release;
		};
		4981D4852C7F4B94002BE9DF /* Build configuration list for PBXNativeTarget "WikipediaPlacesUITests" */ = {
			isa = XCConfigurationList;
			buildConfigurations = (
				4981D4862C7F4B94002BE9DF /* Debug */,
				4981D4872C7F4B94002BE9DF /* Release */,
			);
			defaultConfigurationIsVisible = 0;
			defaultConfigurationName = Release;
		};
/* End XCConfigurationList section */
	};
	rootObject = 4981D4532C7F4B93002BE9DF /* Project object */;
}
