// !$*UTF8*$!
{
	archiveVersion = 1;
	classes = {
	};
	objectVersion = 56;
	objects = {

/* Begin PBXBuildFile section */
		49540C4D2C80DAED00F53005 /* PlacesServiceTests.swift in Sources */ = {isa = PBXBuildFile; fileRef = 49540C4C2C80DAED00F53005 /* PlacesServiceTests.swift */; };
		49540C4F2C80DB4400F53005 /* MockNetworkManager.swift in Sources */ = {isa = PBXBuildFile; fileRef = 49540C4E2C80DB4400F53005 /* MockNetworkManager.swift */; };
		49540C542C80DBD800F53005 /* SearchPlacesViewModelTests.swift in Sources */ = {isa = PBXBuildFile; fileRef = 49540C522C80DBB600F53005 /* SearchPlacesViewModelTests.swift */; };
		49540C572C80DF6000F53005 /* UIApplicationServing.swift in Sources */ = {isa = PBXBuildFile; fileRef = 49540C562C80DF6000F53005 /* UIApplicationServing.swift */; };
		49540C592C80E5CA00F53005 /* MockPlacesService.swift in Sources */ = {isa = PBXBuildFile; fileRef = 49540C582C80E5CA00F53005 /* MockPlacesService.swift */; };
		49540C5B2C80E5EF00F53005 /* MockUIApplication.swift in Sources */ = {isa = PBXBuildFile; fileRef = 49540C5A2C80E5EF00F53005 /* MockUIApplication.swift */; };
		49540D2D2C80EBF500F53005 /* View+Accessibility.swift in Sources */ = {isa = PBXBuildFile; fileRef = 49540D2C2C80EBF500F53005 /* View+Accessibility.swift */; };
		49540D2F2C80EC0500F53005 /* AccessibilityModel.swift in Sources */ = {isa = PBXBuildFile; fileRef = 49540D2E2C80EC0500F53005 /* AccessibilityModel.swift */; };
		4981D45F2C7F4B93002BE9DF /* WikipediaPlacesApp.swift in Sources */ = {isa = PBXBuildFile; fileRef = 4981D45E2C7F4B93002BE9DF /* WikipediaPlacesApp.swift */; };
		4981D4612C7F4B93002BE9DF /* SearchPlacesView.swift in Sources */ = {isa = PBXBuildFile; fileRef = 4981D4602C7F4B93002BE9DF /* SearchPlacesView.swift */; };
		4981D4632C7F4B94002BE9DF /* Assets.xcassets in Resources */ = {isa = PBXBuildFile; fileRef = 4981D4622C7F4B94002BE9DF /* Assets.xcassets */; };
		4981D4662C7F4B94002BE9DF /* Preview Assets.xcassets in Resources */ = {isa = PBXBuildFile; fileRef = 4981D4652C7F4B94002BE9DF /* Preview Assets.xcassets */; };
		4981D47A2C7F4B94002BE9DF /* WikipediaPlacesUITests.swift in Sources */ = {isa = PBXBuildFile; fileRef = 4981D4792C7F4B94002BE9DF /* WikipediaPlacesUITests.swift */; };
		4981D47C2C7F4B94002BE9DF /* WikipediaPlacesUITestsLaunchTests.swift in Sources */ = {isa = PBXBuildFile; fileRef = 4981D47B2C7F4B94002BE9DF /* WikipediaPlacesUITestsLaunchTests.swift */; };
		4981D48D2C7F5457002BE9DF /* Development.xcconfig in Resources */ = {isa = PBXBuildFile; fileRef = 4981D48C2C7F5457002BE9DF /* Development.xcconfig */; };
		4981D48F2C7F5463002BE9DF /* Production.xcconfig in Resources */ = {isa = PBXBuildFile; fileRef = 4981D48E2C7F5463002BE9DF /* Production.xcconfig */; };
		4981D4922C7F5765002BE9DF /* Configuration.swift in Sources */ = {isa = PBXBuildFile; fileRef = 4981D4912C7F5765002BE9DF /* Configuration.swift */; };
		4981D4972C7F5CBE002BE9DF /* Routable.swift in Sources */ = {isa = PBXBuildFile; fileRef = 4981D4962C7F5CBE002BE9DF /* Routable.swift */; };
		4981D49A2C7F5CDC002BE9DF /* HttpMethod.swift in Sources */ = {isa = PBXBuildFile; fileRef = 4981D4992C7F5CDC002BE9DF /* HttpMethod.swift */; };
		4981D49C2C7F5CF4002BE9DF /* APIResourceParameters.swift in Sources */ = {isa = PBXBuildFile; fileRef = 4981D49B2C7F5CF4002BE9DF /* APIResourceParameters.swift */; };
		4981D49E2C7F5D0D002BE9DF /* ContentType.swift in Sources */ = {isa = PBXBuildFile; fileRef = 4981D49D2C7F5D0D002BE9DF /* ContentType.swift */; };
		4981D4A72C7F5E8B002BE9DF /* CustomLog.swift in Sources */ = {isa = PBXBuildFile; fileRef = 4981D4A62C7F5E8B002BE9DF /* CustomLog.swift */; };
		4981D4A92C7F5ECD002BE9DF /* CustomCache.swift in Sources */ = {isa = PBXBuildFile; fileRef = 4981D4A82C7F5ECD002BE9DF /* CustomCache.swift */; };
		4981D4AE2C7F60D8002BE9DF /* BaseDomains.swift in Sources */ = {isa = PBXBuildFile; fileRef = 4981D4AD2C7F60D8002BE9DF /* BaseDomains.swift */; };
		4981D4B12C7F6126002BE9DF /* NetworkManagerError.swift in Sources */ = {isa = PBXBuildFile; fileRef = 4981D4B02C7F6126002BE9DF /* NetworkManagerError.swift */; };
		4981D4B32C7F6156002BE9DF /* NetworkManagerStatusCode.swift in Sources */ = {isa = PBXBuildFile; fileRef = 4981D4B22C7F6156002BE9DF /* NetworkManagerStatusCode.swift */; };
		4981D4B62C7F6184002BE9DF /* RequestProvider.swift in Sources */ = {isa = PBXBuildFile; fileRef = 4981D4B52C7F6184002BE9DF /* RequestProvider.swift */; };
		4981D4B82C7F6226002BE9DF /* EndpointURLProvider.swift in Sources */ = {isa = PBXBuildFile; fileRef = 4981D4B72C7F6226002BE9DF /* EndpointURLProvider.swift */; };
		4981D4BC2C7F6263002BE9DF /* NetworkManager.swift in Sources */ = {isa = PBXBuildFile; fileRef = 4981D4BB2C7F6263002BE9DF /* NetworkManager.swift */; };
		4981D4BF2C7F6449002BE9DF /* Places.swift in Sources */ = {isa = PBXBuildFile; fileRef = 4981D4BE2C7F6449002BE9DF /* Places.swift */; };
		4981D4C22C7F653E002BE9DF /* PlacesRoute.swift in Sources */ = {isa = PBXBuildFile; fileRef = 4981D4C12C7F653E002BE9DF /* PlacesRoute.swift */; };
		4981D4C42C7F6630002BE9DF /* PlacesService.swift in Sources */ = {isa = PBXBuildFile; fileRef = 4981D4C32C7F6630002BE9DF /* PlacesService.swift */; };
		4981D4CE2C7F91F5002BE9DF /* AnySendableProtocol.swift in Sources */ = {isa = PBXBuildFile; fileRef = 4981D4CD2C7F91F5002BE9DF /* AnySendableProtocol.swift */; };
		4981D4D02C7F93B5002BE9DF /* ServiceContainer.swift in Sources */ = {isa = PBXBuildFile; fileRef = 4981D4CF2C7F93B5002BE9DF /* ServiceContainer.swift */; };
		4981D4D22C7F941D002BE9DF /* ServicePropertyWrapper.swift in Sources */ = {isa = PBXBuildFile; fileRef = 4981D4D12C7F941D002BE9DF /* ServicePropertyWrapper.swift */; };
		4981D4D52C7F95B8002BE9DF /* SearchPlacesViewModel.swift in Sources */ = {isa = PBXBuildFile; fileRef = 4981D4D42C7F95B8002BE9DF /* SearchPlacesViewModel.swift */; };
		4981D4D82C7FA14E002BE9DF /* LoadingView.swift in Sources */ = {isa = PBXBuildFile; fileRef = 4981D4D72C7FA14E002BE9DF /* LoadingView.swift */; };
		4981DF582C80A78B002BE9DF /* CustomAlert.swift in Sources */ = {isa = PBXBuildFile; fileRef = 4981DF572C80A78B002BE9DF /* CustomAlert.swift */; };
		4981DF5A2C80AB86002BE9DF /* PlacesList.swift in Sources */ = {isa = PBXBuildFile; fileRef = 4981DF592C80AB86002BE9DF /* PlacesList.swift */; };
		4981DF5D2C80AC9F002BE9DF /* SearchButton.swift in Sources */ = {isa = PBXBuildFile; fileRef = 4981DF5C2C80AC9F002BE9DF /* SearchButton.swift */; };
		4981DF672C80B417002BE9DF /* EndpointURLProviderTests.swift in Sources */ = {isa = PBXBuildFile; fileRef = 4981DF662C80B417002BE9DF /* EndpointURLProviderTests.swift */; };
		4981DF6A2C80B448002BE9DF /* MockRoute.swift in Sources */ = {isa = PBXBuildFile; fileRef = 4981DF692C80B448002BE9DF /* MockRoute.swift */; };
		4981DF6C2C80B4A7002BE9DF /* NetworkManagerTests.swift in Sources */ = {isa = PBXBuildFile; fileRef = 4981DF6B2C80B4A7002BE9DF /* NetworkManagerTests.swift */; };
		4981DF6E2C80B747002BE9DF /* RequestProviderTests.swift in Sources */ = {isa = PBXBuildFile; fileRef = 4981DF6D2C80B747002BE9DF /* RequestProviderTests.swift */; };
		4981DF702C80B7CF002BE9DF /* NetworkManagerStatusCodeTests.swift in Sources */ = {isa = PBXBuildFile; fileRef = 4981DF6F2C80B7CF002BE9DF /* NetworkManagerStatusCodeTests.swift */; };
		4981DF742C80B8F1002BE9DF /* CustomCacheTests.swift in Sources */ = {isa = PBXBuildFile; fileRef = 4981DF732C80B8F1002BE9DF /* CustomCacheTests.swift */; };
		4981DF762C80C785002BE9DF /* MockCache.swift in Sources */ = {isa = PBXBuildFile; fileRef = 4981DF752C80C785002BE9DF /* MockCache.swift */; };
		4981DF782C80CD12002BE9DF /* MockURLSession.swift in Sources */ = {isa = PBXBuildFile; fileRef = 4981DF772C80CD12002BE9DF /* MockURLSession.swift */; };
		4981DF7A2C80CD30002BE9DF /* MockEndpointURLProvider.swift in Sources */ = {isa = PBXBuildFile; fileRef = 4981DF792C80CD30002BE9DF /* MockEndpointURLProvider.swift */; };
		4981DF7C2C80CD40002BE9DF /* MockRequestProvider.swift in Sources */ = {isa = PBXBuildFile; fileRef = 4981DF7B2C80CD40002BE9DF /* MockRequestProvider.swift */; };
/* End PBXBuildFile section */

/* Begin PBXContainerItemProxy section */
		4981D46C2C7F4B94002BE9DF /* PBXContainerItemProxy */ = {
			isa = PBXContainerItemProxy;
			containerPortal = 4981D4532C7F4B93002BE9DF /* Project object */;
			proxyType = 1;
			remoteGlobalIDString = 4981D45A2C7F4B93002BE9DF;
			remoteInfo = WikipediaPlaces;
		};
		4981D4762C7F4B94002BE9DF /* PBXContainerItemProxy */ = {
			isa = PBXContainerItemProxy;
			containerPortal = 4981D4532C7F4B93002BE9DF /* Project object */;
			proxyType = 1;
			remoteGlobalIDString = 4981D45A2C7F4B93002BE9DF;
			remoteInfo = WikipediaPlaces;
		};
/* End PBXContainerItemProxy section */

/* Begin PBXFileReference section */
		49540C4C2C80DAED00F53005 /* PlacesServiceTests.swift */ = {isa = PBXFileReference; lastKnownFileType = sourcecode.swift; path = PlacesServiceTests.swift; sourceTree = "<group>"; };
		49540C4E2C80DB4400F53005 /* MockNetworkManager.swift */ = {isa = PBXFileReference; lastKnownFileType = sourcecode.swift; path = MockNetworkManager.swift; sourceTree = "<group>"; };
		49540C522C80DBB600F53005 /* SearchPlacesViewModelTests.swift */ = {isa = PBXFileReference; lastKnownFileType = sourcecode.swift; path = SearchPlacesViewModelTests.swift; sourceTree = "<group>"; };
		49540C562C80DF6000F53005 /* UIApplicationServing.swift */ = {isa = PBXFileReference; lastKnownFileType = sourcecode.swift; path = UIApplicationServing.swift; sourceTree = "<group>"; };
		49540C582C80E5CA00F53005 /* MockPlacesService.swift */ = {isa = PBXFileReference; lastKnownFileType = sourcecode.swift; path = MockPlacesService.swift; sourceTree = "<group>"; };
		49540C5A2C80E5EF00F53005 /* MockUIApplication.swift */ = {isa = PBXFileReference; lastKnownFileType = sourcecode.swift; path = MockUIApplication.swift; sourceTree = "<group>"; };
		49540D2C2C80EBF500F53005 /* View+Accessibility.swift */ = {isa = PBXFileReference; lastKnownFileType = sourcecode.swift; path = "View+Accessibility.swift"; sourceTree = "<group>"; };
		49540D2E2C80EC0500F53005 /* AccessibilityModel.swift */ = {isa = PBXFileReference; lastKnownFileType = sourcecode.swift; path = AccessibilityModel.swift; sourceTree = "<group>"; };
		4981D45B2C7F4B93002BE9DF /* WikipediaPlaces.app */ = {isa = PBXFileReference; explicitFileType = wrapper.application; includeInIndex = 0; path = WikipediaPlaces.app; sourceTree = BUILT_PRODUCTS_DIR; };
		4981D45E2C7F4B93002BE9DF /* WikipediaPlacesApp.swift */ = {isa = PBXFileReference; lastKnownFileType = sourcecode.swift; path = WikipediaPlacesApp.swift; sourceTree = "<group>"; };
		4981D4602C7F4B93002BE9DF /* SearchPlacesView.swift */ = {isa = PBXFileReference; lastKnownFileType = sourcecode.swift; path = SearchPlacesView.swift; sourceTree = "<group>"; };
		4981D4622C7F4B94002BE9DF /* Assets.xcassets */ = {isa = PBXFileReference; lastKnownFileType = folder.assetcatalog; path = Assets.xcassets; sourceTree = "<group>"; };
		4981D4652C7F4B94002BE9DF /* Preview Assets.xcassets */ = {isa = PBXFileReference; lastKnownFileType = folder.assetcatalog; path = "Preview Assets.xcassets"; sourceTree = "<group>"; };
		4981D46B2C7F4B94002BE9DF /* WikipediaPlacesTests.xctest */ = {isa = PBXFileReference; explicitFileType = wrapper.cfbundle; includeInIndex = 0; path = WikipediaPlacesTests.xctest; sourceTree = BUILT_PRODUCTS_DIR; };
		4981D4752C7F4B94002BE9DF /* WikipediaPlacesUITests.xctest */ = {isa = PBXFileReference; explicitFileType = wrapper.cfbundle; includeInIndex = 0; path = WikipediaPlacesUITests.xctest; sourceTree = BUILT_PRODUCTS_DIR; };
		4981D4792C7F4B94002BE9DF /* WikipediaPlacesUITests.swift */ = {isa = PBXFileReference; lastKnownFileType = sourcecode.swift; path = WikipediaPlacesUITests.swift; sourceTree = "<group>"; };
		4981D47B2C7F4B94002BE9DF /* WikipediaPlacesUITestsLaunchTests.swift */ = {isa = PBXFileReference; lastKnownFileType = sourcecode.swift; path = WikipediaPlacesUITestsLaunchTests.swift; sourceTree = "<group>"; };
		4981D48C2C7F5457002BE9DF /* Development.xcconfig */ = {isa = PBXFileReference; lastKnownFileType = text.xcconfig; path = Development.xcconfig; sourceTree = "<group>"; };
		4981D48E2C7F5463002BE9DF /* Production.xcconfig */ = {isa = PBXFileReference; lastKnownFileType = text.xcconfig; path = Production.xcconfig; sourceTree = "<group>"; };
		4981D4902C7F5706002BE9DF /* Info.plist */ = {isa = PBXFileReference; lastKnownFileType = text.plist; path = Info.plist; sourceTree = "<group>"; };
		4981D4912C7F5765002BE9DF /* Configuration.swift */ = {isa = PBXFileReference; lastKnownFileType = sourcecode.swift; path = Configuration.swift; sourceTree = "<group>"; };
		4981D4962C7F5CBE002BE9DF /* Routable.swift */ = {isa = PBXFileReference; lastKnownFileType = sourcecode.swift; path = Routable.swift; sourceTree = "<group>"; };
		4981D4992C7F5CDC002BE9DF /* HttpMethod.swift */ = {isa = PBXFileReference; lastKnownFileType = sourcecode.swift; path = HttpMethod.swift; sourceTree = "<group>"; };
		4981D49B2C7F5CF4002BE9DF /* APIResourceParameters.swift */ = {isa = PBXFileReference; lastKnownFileType = sourcecode.swift; path = APIResourceParameters.swift; sourceTree = "<group>"; };
		4981D49D2C7F5D0D002BE9DF /* ContentType.swift */ = {isa = PBXFileReference; lastKnownFileType = sourcecode.swift; path = ContentType.swift; sourceTree = "<group>"; };
		4981D4A62C7F5E8B002BE9DF /* CustomLog.swift */ = {isa = PBXFileReference; lastKnownFileType = sourcecode.swift; path = CustomLog.swift; sourceTree = "<group>"; };
		4981D4A82C7F5ECD002BE9DF /* CustomCache.swift */ = {isa = PBXFileReference; lastKnownFileType = sourcecode.swift; path = CustomCache.swift; sourceTree = "<group>"; };
		4981D4AD2C7F60D8002BE9DF /* BaseDomains.swift */ = {isa = PBXFileReference; lastKnownFileType = sourcecode.swift; path = BaseDomains.swift; sourceTree = "<group>"; };
		4981D4B02C7F6126002BE9DF /* NetworkManagerError.swift */ = {isa = PBXFileReference; lastKnownFileType = sourcecode.swift; path = NetworkManagerError.swift; sourceTree = "<group>"; };
		4981D4B22C7F6156002BE9DF /* NetworkManagerStatusCode.swift */ = {isa = PBXFileReference; lastKnownFileType = sourcecode.swift; path = NetworkManagerStatusCode.swift; sourceTree = "<group>"; };
		4981D4B52C7F6184002BE9DF /* RequestProvider.swift */ = {isa = PBXFileReference; lastKnownFileType = sourcecode.swift; path = RequestProvider.swift; sourceTree = "<group>"; };
		4981D4B72C7F6226002BE9DF /* EndpointURLProvider.swift */ = {isa = PBXFileReference; lastKnownFileType = sourcecode.swift; path = EndpointURLProvider.swift; sourceTree = "<group>"; };
		4981D4BB2C7F6263002BE9DF /* NetworkManager.swift */ = {isa = PBXFileReference; lastKnownFileType = sourcecode.swift; path = NetworkManager.swift; sourceTree = "<group>"; };
		4981D4BE2C7F6449002BE9DF /* Places.swift */ = {isa = PBXFileReference; lastKnownFileType = sourcecode.swift; path = Places.swift; sourceTree = "<group>"; };
		4981D4C12C7F653E002BE9DF /* PlacesRoute.swift */ = {isa = PBXFileReference; lastKnownFileType = sourcecode.swift; path = PlacesRoute.swift; sourceTree = "<group>"; };
		4981D4C32C7F6630002BE9DF /* PlacesService.swift */ = {isa = PBXFileReference; lastKnownFileType = sourcecode.swift; path = PlacesService.swift; sourceTree = "<group>"; };
		4981D4CD2C7F91F5002BE9DF /* AnySendableProtocol.swift */ = {isa = PBXFileReference; lastKnownFileType = sourcecode.swift; path = AnySendableProtocol.swift; sourceTree = "<group>"; };
		4981D4CF2C7F93B5002BE9DF /* ServiceContainer.swift */ = {isa = PBXFileReference; lastKnownFileType = sourcecode.swift; path = ServiceContainer.swift; sourceTree = "<group>"; };
		4981D4D12C7F941D002BE9DF /* ServicePropertyWrapper.swift */ = {isa = PBXFileReference; lastKnownFileType = sourcecode.swift; path = ServicePropertyWrapper.swift; sourceTree = "<group>"; };
		4981D4D42C7F95B8002BE9DF /* SearchPlacesViewModel.swift */ = {isa = PBXFileReference; lastKnownFileType = sourcecode.swift; path = SearchPlacesViewModel.swift; sourceTree = "<group>"; };
		4981D4D72C7FA14E002BE9DF /* LoadingView.swift */ = {isa = PBXFileReference; lastKnownFileType = sourcecode.swift; path = LoadingView.swift; sourceTree = "<group>"; };
		4981DF572C80A78B002BE9DF /* CustomAlert.swift */ = {isa = PBXFileReference; lastKnownFileType = sourcecode.swift; path = CustomAlert.swift; sourceTree = "<group>"; };
		4981DF592C80AB86002BE9DF /* PlacesList.swift */ = {isa = PBXFileReference; lastKnownFileType = sourcecode.swift; path = PlacesList.swift; sourceTree = "<group>"; };
		4981DF5C2C80AC9F002BE9DF /* SearchButton.swift */ = {isa = PBXFileReference; lastKnownFileType = sourcecode.swift; path = SearchButton.swift; sourceTree = "<group>"; };
		4981DF662C80B417002BE9DF /* EndpointURLProviderTests.swift */ = {isa = PBXFileReference; lastKnownFileType = sourcecode.swift; path = EndpointURLProviderTests.swift; sourceTree = "<group>"; };
		4981DF692C80B448002BE9DF /* MockRoute.swift */ = {isa = PBXFileReference; lastKnownFileType = sourcecode.swift; path = MockRoute.swift; sourceTree = "<group>"; };
		4981DF6B2C80B4A7002BE9DF /* NetworkManagerTests.swift */ = {isa = PBXFileReference; lastKnownFileType = sourcecode.swift; path = NetworkManagerTests.swift; sourceTree = "<group>"; };
		4981DF6D2C80B747002BE9DF /* RequestProviderTests.swift */ = {isa = PBXFileReference; lastKnownFileType = sourcecode.swift; path = RequestProviderTests.swift; sourceTree = "<group>"; };
		4981DF6F2C80B7CF002BE9DF /* NetworkManagerStatusCodeTests.swift */ = {isa = PBXFileReference; lastKnownFileType = sourcecode.swift; path = NetworkManagerStatusCodeTests.swift; sourceTree = "<group>"; };
		4981DF732C80B8F1002BE9DF /* CustomCacheTests.swift */ = {isa = PBXFileReference; lastKnownFileType = sourcecode.swift; path = CustomCacheTests.swift; sourceTree = "<group>"; };
		4981DF752C80C785002BE9DF /* MockCache.swift */ = {isa = PBXFileReference; lastKnownFileType = sourcecode.swift; path = MockCache.swift; sourceTree = "<group>"; };
		4981DF772C80CD12002BE9DF /* MockURLSession.swift */ = {isa = PBXFileReference; lastKnownFileType = sourcecode.swift; path = MockURLSession.swift; sourceTree = "<group>"; };
		4981DF792C80CD30002BE9DF /* MockEndpointURLProvider.swift */ = {isa = PBXFileReference; lastKnownFileType = sourcecode.swift; path = MockEndpointURLProvider.swift; sourceTree = "<group>"; };
		4981DF7B2C80CD40002BE9DF /* MockRequestProvider.swift */ = {isa = PBXFileReference; lastKnownFileType = sourcecode.swift; path = MockRequestProvider.swift; sourceTree = "<group>"; };
/* End PBXFileReference section */

/* Begin PBXFrameworksBuildPhase section */
		4981D4582C7F4B93002BE9DF /* Frameworks */ = {
			isa = PBXFrameworksBuildPhase;
			buildActionMask = 2147483647;
			files = (
			);
			runOnlyForDeploymentPostprocessing = 0;
		};
		4981D4682C7F4B94002BE9DF /* Frameworks */ = {
			isa = PBXFrameworksBuildPhase;
			buildActionMask = 2147483647;
			files = (
			);
			runOnlyForDeploymentPostprocessing = 0;
		};
		4981D4722C7F4B94002BE9DF /* Frameworks */ = {
			isa = PBXFrameworksBuildPhase;
			buildActionMask = 2147483647;
			files = (
			);
			runOnlyForDeploymentPostprocessing = 0;
		};
/* End PBXFrameworksBuildPhase section */

/* Begin PBXGroup section */
		49540C4B2C80DAE400F53005 /* Places */ = {
			isa = PBXGroup;
			children = (
				49540C4C2C80DAED00F53005 /* PlacesServiceTests.swift */,
			);
			path = Places;
			sourceTree = "<group>";
		};
		49540C502C80DB9F00F53005 /* Sections */ = {
			isa = PBXGroup;
			children = (
				49540C512C80DBA400F53005 /* SearchPlaces */,
			);
			path = Sections;
			sourceTree = "<group>";
		};
		49540C512C80DBA400F53005 /* SearchPlaces */ = {
			isa = PBXGroup;
			children = (
				49540C522C80DBB600F53005 /* SearchPlacesViewModelTests.swift */,
			);
			path = SearchPlaces;
			sourceTree = "<group>";
		};
		49540C552C80DF5800F53005 /* UIApplicationServing */ = {
			isa = PBXGroup;
			children = (
				49540C562C80DF6000F53005 /* UIApplicationServing.swift */,
			);
			path = UIApplicationServing;
			sourceTree = "<group>";
		};
		49540D2A2C80EBE700F53005 /* Extensions */ = {
			isa = PBXGroup;
			children = (
				49540D2B2C80EBEC00F53005 /* View */,
			);
			path = Extensions;
			sourceTree = "<group>";
		};
		49540D2B2C80EBEC00F53005 /* View */ = {
			isa = PBXGroup;
			children = (
				49540D2C2C80EBF500F53005 /* View+Accessibility.swift */,
			);
			path = View;
			sourceTree = "<group>";
		};
		4981D4522C7F4B93002BE9DF = {
			isa = PBXGroup;
			children = (
				4981D45D2C7F4B93002BE9DF /* WikipediaPlaces */,
				4981D46E2C7F4B94002BE9DF /* WikipediaPlacesTests */,
				4981D4782C7F4B94002BE9DF /* WikipediaPlacesUITests */,
				4981D45C2C7F4B93002BE9DF /* Products */,
			);
			sourceTree = "<group>";
		};
		4981D45C2C7F4B93002BE9DF /* Products */ = {
			isa = PBXGroup;
			children = (
				4981D45B2C7F4B93002BE9DF /* WikipediaPlaces.app */,
				4981D46B2C7F4B94002BE9DF /* WikipediaPlacesTests.xctest */,
				4981D4752C7F4B94002BE9DF /* WikipediaPlacesUITests.xctest */,
			);
			name = Products;
			sourceTree = "<group>";
		};
		4981D45D2C7F4B93002BE9DF /* WikipediaPlaces */ = {
			isa = PBXGroup;
			children = (
				4981D4902C7F5706002BE9DF /* Info.plist */,
				4981D4A42C7F5E7D002BE9DF /* Utils */,
				4981D48A2C7F5412002BE9DF /* Configuration */,
				4981D4932C7F5C4F002BE9DF /* Models */,
				4981D4952C7F5C60002BE9DF /* Network */,
				4981D4942C7F5C58002BE9DF /* Sections */,
				4981D45E2C7F4B93002BE9DF /* WikipediaPlacesApp.swift */,
				4981D4622C7F4B94002BE9DF /* Assets.xcassets */,
				4981D4642C7F4B94002BE9DF /* Preview Content */,
			);
			path = WikipediaPlaces;
			sourceTree = "<group>";
		};
		4981D4642C7F4B94002BE9DF /* Preview Content */ = {
			isa = PBXGroup;
			children = (
				4981D4652C7F4B94002BE9DF /* Preview Assets.xcassets */,
			);
			path = "Preview Content";
			sourceTree = "<group>";
		};
		4981D46E2C7F4B94002BE9DF /* WikipediaPlacesTests */ = {
			isa = PBXGroup;
			children = (
				49540C502C80DB9F00F53005 /* Sections */,
				4981DF5F2C80AE7A002BE9DF /* Network */,
			);
			path = WikipediaPlacesTests;
			sourceTree = "<group>";
		};
		4981D4782C7F4B94002BE9DF /* WikipediaPlacesUITests */ = {
			isa = PBXGroup;
			children = (
				4981D4792C7F4B94002BE9DF /* WikipediaPlacesUITests.swift */,
				4981D47B2C7F4B94002BE9DF /* WikipediaPlacesUITestsLaunchTests.swift */,
			);
			path = WikipediaPlacesUITests;
			sourceTree = "<group>";
		};
		4981D48A2C7F5412002BE9DF /* Configuration */ = {
			isa = PBXGroup;
			children = (
				4981D48B2C7F543F002BE9DF /* Environment */,
				4981D4912C7F5765002BE9DF /* Configuration.swift */,
			);
			path = Configuration;
			sourceTree = "<group>";
		};
		4981D48B2C7F543F002BE9DF /* Environment */ = {
			isa = PBXGroup;
			children = (
				4981D48C2C7F5457002BE9DF /* Development.xcconfig */,
				4981D48E2C7F5463002BE9DF /* Production.xcconfig */,
			);
			path = Environment;
			sourceTree = "<group>";
		};
		4981D4932C7F5C4F002BE9DF /* Models */ = {
			isa = PBXGroup;
			children = (
				4981D4BE2C7F6449002BE9DF /* Places.swift */,
				49540D2E2C80EC0500F53005 /* AccessibilityModel.swift */,
			);
			path = Models;
			sourceTree = "<group>";
		};
		4981D4942C7F5C58002BE9DF /* Sections */ = {
			isa = PBXGroup;
			children = (
				4981D4D62C7FA145002BE9DF /* CommonUI */,
				4981D4D32C7F9595002BE9DF /* SearchPlaces */,
			);
			path = Sections;
			sourceTree = "<group>";
		};
		4981D4952C7F5C60002BE9DF /* Network */ = {
			isa = PBXGroup;
			children = (
				4981D4C02C7F652B002BE9DF /* Places */,
				4981D4BD2C7F6391002BE9DF /* Manager */,
			);
			path = Network;
			sourceTree = "<group>";
		};
		4981D4982C7F5CCE002BE9DF /* Routable */ = {
			isa = PBXGroup;
			children = (
				4981D4962C7F5CBE002BE9DF /* Routable.swift */,
				4981D4992C7F5CDC002BE9DF /* HttpMethod.swift */,
				4981D49B2C7F5CF4002BE9DF /* APIResourceParameters.swift */,
				4981D49D2C7F5D0D002BE9DF /* ContentType.swift */,
			);
			path = Routable;
			sourceTree = "<group>";
		};
		4981D4A12C7F5E4E002BE9DF /* Cache */ = {
			isa = PBXGroup;
			children = (
				4981D4A82C7F5ECD002BE9DF /* CustomCache.swift */,
			);
			path = Cache;
			sourceTree = "<group>";
		};
		4981D4A42C7F5E7D002BE9DF /* Utils */ = {
			isa = PBXGroup;
			children = (
				49540D2A2C80EBE700F53005 /* Extensions */,
				4981D4CB2C7F91E4002BE9DF /* Protocols */,
				4981D4C52C7F6777002BE9DF /* DependencyInjector */,
				4981D4A52C7F5E83002BE9DF /* Logs */,
			);
			path = Utils;
			sourceTree = "<group>";
		};
		4981D4A52C7F5E83002BE9DF /* Logs */ = {
			isa = PBXGroup;
			children = (
				4981D4A62C7F5E8B002BE9DF /* CustomLog.swift */,
			);
			path = Logs;
			sourceTree = "<group>";
		};
		4981D4AC2C7F60CE002BE9DF /* Domains */ = {
			isa = PBXGroup;
			children = (
				4981D4AD2C7F60D8002BE9DF /* BaseDomains.swift */,
			);
			path = Domains;
			sourceTree = "<group>";
		};
		4981D4AF2C7F611E002BE9DF /* Error */ = {
			isa = PBXGroup;
			children = (
				4981D4B02C7F6126002BE9DF /* NetworkManagerError.swift */,
				4981D4B22C7F6156002BE9DF /* NetworkManagerStatusCode.swift */,
			);
			path = Error;
			sourceTree = "<group>";
		};
		4981D4B42C7F6178002BE9DF /* Builder */ = {
			isa = PBXGroup;
			children = (
				4981D4B52C7F6184002BE9DF /* RequestProvider.swift */,
				4981D4B72C7F6226002BE9DF /* EndpointURLProvider.swift */,
			);
			path = Builder;
			sourceTree = "<group>";
		};
		4981D4BD2C7F6391002BE9DF /* Manager */ = {
			isa = PBXGroup;
			children = (
				4981D4982C7F5CCE002BE9DF /* Routable */,
				4981D4A12C7F5E4E002BE9DF /* Cache */,
				4981D4AC2C7F60CE002BE9DF /* Domains */,
				4981D4AF2C7F611E002BE9DF /* Error */,
				4981D4B42C7F6178002BE9DF /* Builder */,
				4981D4BB2C7F6263002BE9DF /* NetworkManager.swift */,
			);
			path = Manager;
			sourceTree = "<group>";
		};
		4981D4C02C7F652B002BE9DF /* Places */ = {
			isa = PBXGroup;
			children = (
				4981D4C12C7F653E002BE9DF /* PlacesRoute.swift */,
				4981D4C32C7F6630002BE9DF /* PlacesService.swift */,
			);
			path = Places;
			sourceTree = "<group>";
		};
		4981D4C52C7F6777002BE9DF /* DependencyInjector */ = {
			isa = PBXGroup;
			children = (
				4981D4CF2C7F93B5002BE9DF /* ServiceContainer.swift */,
				4981D4D12C7F941D002BE9DF /* ServicePropertyWrapper.swift */,
			);
			path = DependencyInjector;
			sourceTree = "<group>";
		};
		4981D4CB2C7F91E4002BE9DF /* Protocols */ = {
			isa = PBXGroup;
			children = (
				49540C552C80DF5800F53005 /* UIApplicationServing */,
				4981D4CC2C7F91E8002BE9DF /* AnySendable */,
			);
			path = Protocols;
			sourceTree = "<group>";
		};
		4981D4CC2C7F91E8002BE9DF /* AnySendable */ = {
			isa = PBXGroup;
			children = (
				4981D4CD2C7F91F5002BE9DF /* AnySendableProtocol.swift */,
			);
			path = AnySendable;
			sourceTree = "<group>";
		};
		4981D4D32C7F9595002BE9DF /* SearchPlaces */ = {
			isa = PBXGroup;
			children = (
				4981DF5B2C80AB8D002BE9DF /* Subviews */,
				4981D4602C7F4B93002BE9DF /* SearchPlacesView.swift */,
				4981D4D42C7F95B8002BE9DF /* SearchPlacesViewModel.swift */,
			);
			path = SearchPlaces;
			sourceTree = "<group>";
		};
		4981D4D62C7FA145002BE9DF /* CommonUI */ = {
			isa = PBXGroup;
			children = (
				4981D4D72C7FA14E002BE9DF /* LoadingView.swift */,
				4981DF572C80A78B002BE9DF /* CustomAlert.swift */,
			);
			path = CommonUI;
			sourceTree = "<group>";
		};
		4981DF5B2C80AB8D002BE9DF /* Subviews */ = {
			isa = PBXGroup;
			children = (
				4981DF592C80AB86002BE9DF /* PlacesList.swift */,
				4981DF5C2C80AC9F002BE9DF /* SearchButton.swift */,
			);
			path = Subviews;
			sourceTree = "<group>";
		};
		4981DF5E2C80AE76002BE9DF /* Mocks */ = {
			isa = PBXGroup;
			children = (
				4981DF692C80B448002BE9DF /* MockRoute.swift */,
				4981DF752C80C785002BE9DF /* MockCache.swift */,
				4981DF772C80CD12002BE9DF /* MockURLSession.swift */,
				4981DF792C80CD30002BE9DF /* MockEndpointURLProvider.swift */,
				4981DF7B2C80CD40002BE9DF /* MockRequestProvider.swift */,
				49540C4E2C80DB4400F53005 /* MockNetworkManager.swift */,
				49540C582C80E5CA00F53005 /* MockPlacesService.swift */,
				49540C5A2C80E5EF00F53005 /* MockUIApplication.swift */,
			);
			path = Mocks;
			sourceTree = "<group>";
		};
		4981DF5F2C80AE7A002BE9DF /* Network */ = {
			isa = PBXGroup;
			children = (
				49540C4B2C80DAE400F53005 /* Places */,
				4981DF5E2C80AE76002BE9DF /* Mocks */,
				4981DF662C80B417002BE9DF /* EndpointURLProviderTests.swift */,
				4981DF6D2C80B747002BE9DF /* RequestProviderTests.swift */,
				4981DF6B2C80B4A7002BE9DF /* NetworkManagerTests.swift */,
				4981DF6F2C80B7CF002BE9DF /* NetworkManagerStatusCodeTests.swift */,
				4981DF732C80B8F1002BE9DF /* CustomCacheTests.swift */,
			);
			path = Network;
			sourceTree = "<group>";
		};
/* End PBXGroup section */

/* Begin PBXNativeTarget section */
		4981D45A2C7F4B93002BE9DF /* WikipediaPlaces */ = {
			isa = PBXNativeTarget;
			buildConfigurationList = 4981D47F2C7F4B94002BE9DF /* Build configuration list for PBXNativeTarget "WikipediaPlaces" */;
			buildPhases = (
				4981D4572C7F4B93002BE9DF /* Sources */,
				4981D4582C7F4B93002BE9DF /* Frameworks */,
				4981D4592C7F4B93002BE9DF /* Resources */,
			);
			buildRules = (
			);
			dependencies = (
			);
			name = WikipediaPlaces;
			productName = WikipediaPlaces;
			productReference = 4981D45B2C7F4B93002BE9DF /* WikipediaPlaces.app */;
			productType = "com.apple.product-type.application";
		};
		4981D46A2C7F4B94002BE9DF /* WikipediaPlacesTests */ = {
			isa = PBXNativeTarget;
			buildConfigurationList = 4981D4822C7F4B94002BE9DF /* Build configuration list for PBXNativeTarget "WikipediaPlacesTests" */;
			buildPhases = (
				4981D4672C7F4B94002BE9DF /* Sources */,
				4981D4682C7F4B94002BE9DF /* Frameworks */,
				4981D4692C7F4B94002BE9DF /* Resources */,
			);
			buildRules = (
			);
			dependencies = (
				4981D46D2C7F4B94002BE9DF /* PBXTargetDependency */,
			);
			name = WikipediaPlacesTests;
			productName = WikipediaPlacesTests;
			productReference = 4981D46B2C7F4B94002BE9DF /* WikipediaPlacesTests.xctest */;
			productType = "com.apple.product-type.bundle.unit-test";
		};
		4981D4742C7F4B94002BE9DF /* WikipediaPlacesUITests */ = {
			isa = PBXNativeTarget;
			buildConfigurationList = 4981D4852C7F4B94002BE9DF /* Build configuration list for PBXNativeTarget "WikipediaPlacesUITests" */;
			buildPhases = (
				4981D4712C7F4B94002BE9DF /* Sources */,
				4981D4722C7F4B94002BE9DF /* Frameworks */,
				4981D4732C7F4B94002BE9DF /* Resources */,
			);
			buildRules = (
			);
			dependencies = (
				4981D4772C7F4B94002BE9DF /* PBXTargetDependency */,
			);
			name = WikipediaPlacesUITests;
			productName = WikipediaPlacesUITests;
			productReference = 4981D4752C7F4B94002BE9DF /* WikipediaPlacesUITests.xctest */;
			productType = "com.apple.product-type.bundle.ui-testing";
		};
/* End PBXNativeTarget section */

/* Begin PBXProject section */
		4981D4532C7F4B93002BE9DF /* Project object */ = {
			isa = PBXProject;
			attributes = {
				BuildIndependentTargetsInParallel = 1;
				LastSwiftUpdateCheck = 1540;
				LastUpgradeCheck = 1540;
				TargetAttributes = {
					4981D45A2C7F4B93002BE9DF = {
						CreatedOnToolsVersion = 15.4;
					};
					4981D46A2C7F4B94002BE9DF = {
						CreatedOnToolsVersion = 15.4;
						TestTargetID = 4981D45A2C7F4B93002BE9DF;
					};
					4981D4742C7F4B94002BE9DF = {
						CreatedOnToolsVersion = 15.4;
						TestTargetID = 4981D45A2C7F4B93002BE9DF;
					};
				};
			};
			buildConfigurationList = 4981D4562C7F4B93002BE9DF /* Build configuration list for PBXProject "WikipediaPlaces" */;
			compatibilityVersion = "Xcode 14.0";
			developmentRegion = en;
			hasScannedForEncodings = 0;
			knownRegions = (
				en,
				Base,
			);
			mainGroup = 4981D4522C7F4B93002BE9DF;
			productRefGroup = 4981D45C2C7F4B93002BE9DF /* Products */;
			projectDirPath = "";
			projectRoot = "";
			targets = (
				4981D45A2C7F4B93002BE9DF /* WikipediaPlaces */,
				4981D46A2C7F4B94002BE9DF /* WikipediaPlacesTests */,
				4981D4742C7F4B94002BE9DF /* WikipediaPlacesUITests */,
			);
		};
/* End PBXProject section */

/* Begin PBXResourcesBuildPhase section */
		4981D4592C7F4B93002BE9DF /* Resources */ = {
			isa = PBXResourcesBuildPhase;
			buildActionMask = 2147483647;
			files = (
				4981D48F2C7F5463002BE9DF /* Production.xcconfig in Resources */,
				4981D4662C7F4B94002BE9DF /* Preview Assets.xcassets in Resources */,
				4981D48D2C7F5457002BE9DF /* Development.xcconfig in Resources */,
				4981D4632C7F4B94002BE9DF /* Assets.xcassets in Resources */,
			);
			runOnlyForDeploymentPostprocessing = 0;
		};
		4981D4692C7F4B94002BE9DF /* Resources */ = {
			isa = PBXResourcesBuildPhase;
			buildActionMask = 2147483647;
			files = (
			);
			runOnlyForDeploymentPostprocessing = 0;
		};
		4981D4732C7F4B94002BE9DF /* Resources */ = {
			isa = PBXResourcesBuildPhase;
			buildActionMask = 2147483647;
			files = (
			);
			runOnlyForDeploymentPostprocessing = 0;
		};
/* End PBXResourcesBuildPhase section */

/* Begin PBXSourcesBuildPhase section */
		4981D4572C7F4B93002BE9DF /* Sources */ = {
			isa = PBXSourcesBuildPhase;
			buildActionMask = 2147483647;
			files = (
				4981D4AE2C7F60D8002BE9DF /* BaseDomains.swift in Sources */,
				4981D4BF2C7F6449002BE9DF /* Places.swift in Sources */,
				4981D49C2C7F5CF4002BE9DF /* APIResourceParameters.swift in Sources */,
				4981DF5A2C80AB86002BE9DF /* PlacesList.swift in Sources */,
				49540C572C80DF6000F53005 /* UIApplicationServing.swift in Sources */,
				4981D4A92C7F5ECD002BE9DF /* CustomCache.swift in Sources */,
				4981DF5D2C80AC9F002BE9DF /* SearchButton.swift in Sources */,
				49540D2F2C80EC0500F53005 /* AccessibilityModel.swift in Sources */,
				4981D4D82C7FA14E002BE9DF /* LoadingView.swift in Sources */,
				4981D4922C7F5765002BE9DF /* Configuration.swift in Sources */,
				4981D4B82C7F6226002BE9DF /* EndpointURLProvider.swift in Sources */,
				4981D4612C7F4B93002BE9DF /* SearchPlacesView.swift in Sources */,
				4981D4CE2C7F91F5002BE9DF /* AnySendableProtocol.swift in Sources */,
				4981D4D02C7F93B5002BE9DF /* ServiceContainer.swift in Sources */,
				4981D49A2C7F5CDC002BE9DF /* HttpMethod.swift in Sources */,
				49540D2D2C80EBF500F53005 /* View+Accessibility.swift in Sources */,
				4981D4B12C7F6126002BE9DF /* NetworkManagerError.swift in Sources */,
				4981D4D22C7F941D002BE9DF /* ServicePropertyWrapper.swift in Sources */,
				4981D4BC2C7F6263002BE9DF /* NetworkManager.swift in Sources */,
				4981D4C22C7F653E002BE9DF /* PlacesRoute.swift in Sources */,
				4981D4D52C7F95B8002BE9DF /* SearchPlacesViewModel.swift in Sources */,
				4981D4A72C7F5E8B002BE9DF /* CustomLog.swift in Sources */,
				4981D49E2C7F5D0D002BE9DF /* ContentType.swift in Sources */,
				4981D4C42C7F6630002BE9DF /* PlacesService.swift in Sources */,
				4981D4B62C7F6184002BE9DF /* RequestProvider.swift in Sources */,
				4981D45F2C7F4B93002BE9DF /* WikipediaPlacesApp.swift in Sources */,
				4981DF582C80A78B002BE9DF /* CustomAlert.swift in Sources */,
				4981D4B32C7F6156002BE9DF /* NetworkManagerStatusCode.swift in Sources */,
				4981D4972C7F5CBE002BE9DF /* Routable.swift in Sources */,
			);
			runOnlyForDeploymentPostprocessing = 0;
		};
		4981D4672C7F4B94002BE9DF /* Sources */ = {
			isa = PBXSourcesBuildPhase;
			buildActionMask = 2147483647;
			files = (
				4981DF782C80CD12002BE9DF /* MockURLSession.swift in Sources */,
				49540C4D2C80DAED00F53005 /* PlacesServiceTests.swift in Sources */,
				4981DF6E2C80B747002BE9DF /* RequestProviderTests.swift in Sources */,
				49540C592C80E5CA00F53005 /* MockPlacesService.swift in Sources */,
				49540C542C80DBD800F53005 /* SearchPlacesViewModelTests.swift in Sources */,
				4981DF7C2C80CD40002BE9DF /* MockRequestProvider.swift in Sources */,
				4981DF672C80B417002BE9DF /* EndpointURLProviderTests.swift in Sources */,
				49540C5B2C80E5EF00F53005 /* MockUIApplication.swift in Sources */,
				4981DF702C80B7CF002BE9DF /* NetworkManagerStatusCodeTests.swift in Sources */,
				49540C4F2C80DB4400F53005 /* MockNetworkManager.swift in Sources */,
				4981DF762C80C785002BE9DF /* MockCache.swift in Sources */,
				4981DF742C80B8F1002BE9DF /* CustomCacheTests.swift in Sources */,
				4981DF7A2C80CD30002BE9DF /* MockEndpointURLProvider.swift in Sources */,
				4981DF6C2C80B4A7002BE9DF /* NetworkManagerTests.swift in Sources */,
				4981DF6A2C80B448002BE9DF /* MockRoute.swift in Sources */,
			);
			runOnlyForDeploymentPostprocessing = 0;
		};
		4981D4712C7F4B94002BE9DF /* Sources */ = {
			isa = PBXSourcesBuildPhase;
			buildActionMask = 2147483647;
			files = (
				4981D47C2C7F4B94002BE9DF /* WikipediaPlacesUITestsLaunchTests.swift in Sources */,
				4981D47A2C7F4B94002BE9DF /* WikipediaPlacesUITests.swift in Sources */,
			);
			runOnlyForDeploymentPostprocessing = 0;
		};
/* End PBXSourcesBuildPhase section */

/* Begin PBXTargetDependency section */
		4981D46D2C7F4B94002BE9DF /* PBXTargetDependency */ = {
			isa = PBXTargetDependency;
			target = 4981D45A2C7F4B93002BE9DF /* WikipediaPlaces */;
			targetProxy = 4981D46C2C7F4B94002BE9DF /* PBXContainerItemProxy */;
		};
		4981D4772C7F4B94002BE9DF /* PBXTargetDependency */ = {
			isa = PBXTargetDependency;
			target = 4981D45A2C7F4B93002BE9DF /* WikipediaPlaces */;
			targetProxy = 4981D4762C7F4B94002BE9DF /* PBXContainerItemProxy */;
		};
/* End PBXTargetDependency section */

/* Begin XCBuildConfiguration section */
		4981D47D2C7F4B94002BE9DF /* Debug */ = {
			isa = XCBuildConfiguration;
			buildSettings = {
				ALWAYS_SEARCH_USER_PATHS = NO;
				ASSETCATALOG_COMPILER_GENERATE_SWIFT_ASSET_SYMBOL_EXTENSIONS = YES;
				CLANG_ANALYZER_NONNULL = YES;
				CLANG_ANALYZER_NUMBER_OBJECT_CONVERSION = YES_AGGRESSIVE;
				CLANG_CXX_LANGUAGE_STANDARD = "gnu++20";
				CLANG_ENABLE_MODULES = YES;
				CLANG_ENABLE_OBJC_ARC = YES;
				CLANG_ENABLE_OBJC_WEAK = YES;
				CLANG_WARN_BLOCK_CAPTURE_AUTORELEASING = YES;
				CLANG_WARN_BOOL_CONVERSION = YES;
				CLANG_WARN_COMMA = YES;
				CLANG_WARN_CONSTANT_CONVERSION = YES;
				CLANG_WARN_DEPRECATED_OBJC_IMPLEMENTATIONS = YES;
				CLANG_WARN_DIRECT_OBJC_ISA_USAGE = YES_ERROR;
				CLANG_WARN_DOCUMENTATION_COMMENTS = YES;
				CLANG_WARN_EMPTY_BODY = YES;
				CLANG_WARN_ENUM_CONVERSION = YES;
				CLANG_WARN_INFINITE_RECURSION = YES;
				CLANG_WARN_INT_CONVERSION = YES;
				CLANG_WARN_NON_LITERAL_NULL_CONVERSION = YES;
				CLANG_WARN_OBJC_IMPLICIT_RETAIN_SELF = YES;
				CLANG_WARN_OBJC_LITERAL_CONVERSION = YES;
				CLANG_WARN_OBJC_ROOT_CLASS = YES_ERROR;
				CLANG_WARN_QUOTED_INCLUDE_IN_FRAMEWORK_HEADER = YES;
				CLANG_WARN_RANGE_LOOP_ANALYSIS = YES;
				CLANG_WARN_STRICT_PROTOTYPES = YES;
				CLANG_WARN_SUSPICIOUS_MOVE = YES;
				CLANG_WARN_UNGUARDED_AVAILABILITY = YES_AGGRESSIVE;
				CLANG_WARN_UNREACHABLE_CODE = YES;
				CLANG_WARN__DUPLICATE_METHOD_MATCH = YES;
				COPY_PHASE_STRIP = NO;
				DEBUG_INFORMATION_FORMAT = dwarf;
				ENABLE_STRICT_OBJC_MSGSEND = YES;
				ENABLE_TESTABILITY = YES;
				ENABLE_USER_SCRIPT_SANDBOXING = YES;
				GCC_C_LANGUAGE_STANDARD = gnu17;
				GCC_DYNAMIC_NO_PIC = NO;
				GCC_NO_COMMON_BLOCKS = YES;
				GCC_OPTIMIZATION_LEVEL = 0;
				GCC_PREPROCESSOR_DEFINITIONS = (
					"DEBUG=1",
					"$(inherited)",
				);
				GCC_WARN_64_TO_32_BIT_CONVERSION = YES;
				GCC_WARN_ABOUT_RETURN_TYPE = YES_ERROR;
				GCC_WARN_UNDECLARED_SELECTOR = YES;
				GCC_WARN_UNINITIALIZED_AUTOS = YES_AGGRESSIVE;
				GCC_WARN_UNUSED_FUNCTION = YES;
				GCC_WARN_UNUSED_VARIABLE = YES;
				IPHONEOS_DEPLOYMENT_TARGET = 17.0;
				LOCALIZATION_PREFERS_STRING_CATALOGS = YES;
				MTL_ENABLE_DEBUG_INFO = INCLUDE_SOURCE;
				MTL_FAST_MATH = YES;
				ONLY_ACTIVE_ARCH = YES;
				SDKROOT = iphoneos;
				SWIFT_ACTIVE_COMPILATION_CONDITIONS = "DEBUG $(inherited)";
				SWIFT_OPTIMIZATION_LEVEL = "-Onone";
			};
			name = Debug;
		};
		4981D47E2C7F4B94002BE9DF /* Release */ = {
			isa = XCBuildConfiguration;
			buildSettings = {
				ALWAYS_SEARCH_USER_PATHS = NO;
				ASSETCATALOG_COMPILER_GENERATE_SWIFT_ASSET_SYMBOL_EXTENSIONS = YES;
				CLANG_ANALYZER_NONNULL = YES;
				CLANG_ANALYZER_NUMBER_OBJECT_CONVERSION = YES_AGGRESSIVE;
				CLANG_CXX_LANGUAGE_STANDARD = "gnu++20";
				CLANG_ENABLE_MODULES = YES;
				CLANG_ENABLE_OBJC_ARC = YES;
				CLANG_ENABLE_OBJC_WEAK = YES;
				CLANG_WARN_BLOCK_CAPTURE_AUTORELEASING = YES;
				CLANG_WARN_BOOL_CONVERSION = YES;
				CLANG_WARN_COMMA = YES;
				CLANG_WARN_CONSTANT_CONVERSION = YES;
				CLANG_WARN_DEPRECATED_OBJC_IMPLEMENTATIONS = YES;
				CLANG_WARN_DIRECT_OBJC_ISA_USAGE = YES_ERROR;
				CLANG_WARN_DOCUMENTATION_COMMENTS = YES;
				CLANG_WARN_EMPTY_BODY = YES;
				CLANG_WARN_ENUM_CONVERSION = YES;
				CLANG_WARN_INFINITE_RECURSION = YES;
				CLANG_WARN_INT_CONVERSION = YES;
				CLANG_WARN_NON_LITERAL_NULL_CONVERSION = YES;
				CLANG_WARN_OBJC_IMPLICIT_RETAIN_SELF = YES;
				CLANG_WARN_OBJC_LITERAL_CONVERSION = YES;
				CLANG_WARN_OBJC_ROOT_CLASS = YES_ERROR;
				CLANG_WARN_QUOTED_INCLUDE_IN_FRAMEWORK_HEADER = YES;
				CLANG_WARN_RANGE_LOOP_ANALYSIS = YES;
				CLANG_WARN_STRICT_PROTOTYPES = YES;
				CLANG_WARN_SUSPICIOUS_MOVE = YES;
				CLANG_WARN_UNGUARDED_AVAILABILITY = YES_AGGRESSIVE;
				CLANG_WARN_UNREACHABLE_CODE = YES;
				CLANG_WARN__DUPLICATE_METHOD_MATCH = YES;
				COPY_PHASE_STRIP = NO;
				DEBUG_INFORMATION_FORMAT = "dwarf-with-dsym";
				ENABLE_NS_ASSERTIONS = NO;
				ENABLE_STRICT_OBJC_MSGSEND = YES;
				ENABLE_USER_SCRIPT_SANDBOXING = YES;
				GCC_C_LANGUAGE_STANDARD = gnu17;
				GCC_NO_COMMON_BLOCKS = YES;
				GCC_WARN_64_TO_32_BIT_CONVERSION = YES;
				GCC_WARN_ABOUT_RETURN_TYPE = YES_ERROR;
				GCC_WARN_UNDECLARED_SELECTOR = YES;
				GCC_WARN_UNINITIALIZED_AUTOS = YES_AGGRESSIVE;
				GCC_WARN_UNUSED_FUNCTION = YES;
				GCC_WARN_UNUSED_VARIABLE = YES;
				IPHONEOS_DEPLOYMENT_TARGET = 17.0;
				LOCALIZATION_PREFERS_STRING_CATALOGS = YES;
				MTL_ENABLE_DEBUG_INFO = NO;
				MTL_FAST_MATH = YES;
				SDKROOT = iphoneos;
				SWIFT_COMPILATION_MODE = wholemodule;
				VALIDATE_PRODUCT = YES;
			};
			name = Release;
		};
		4981D4802C7F4B94002BE9DF /* Debug */ = {
			isa = XCBuildConfiguration;
			baseConfigurationReference = 4981D48C2C7F5457002BE9DF /* Development.xcconfig */;
			buildSettings = {
				ASSETCATALOG_COMPILER_APPICON_NAME = AppIcon;
				ASSETCATALOG_COMPILER_GLOBAL_ACCENT_COLOR_NAME = AccentColor;
				BASE_URL_PLACES = "https:/$()/raw.githubusercontent.com/abnamrocoesd/assignment-ios/";
				CODE_SIGN_STYLE = Automatic;
				CURRENT_PROJECT_VERSION = 1;
				DEVELOPMENT_ASSET_PATHS = "\"WikipediaPlaces/Preview Content\"";
				ENABLE_PREVIEWS = YES;
				GENERATE_INFOPLIST_FILE = YES;
				INFOPLIST_FILE = WikipediaPlaces/Info.plist;
				INFOPLIST_KEY_UIApplicationSceneManifest_Generation = YES;
				INFOPLIST_KEY_UIApplicationSupportsIndirectInputEvents = YES;
				INFOPLIST_KEY_UILaunchScreen_Generation = YES;
				INFOPLIST_KEY_UISupportedInterfaceOrientations_iPad = "UIInterfaceOrientationPortrait UIInterfaceOrientationPortraitUpsideDown UIInterfaceOrientationLandscapeLeft UIInterfaceOrientationLandscapeRight";
				INFOPLIST_KEY_UISupportedInterfaceOrientations_iPhone = "UIInterfaceOrientationPortrait UIInterfaceOrientationLandscapeLeft UIInterfaceOrientationLandscapeRight";
				IPHONEOS_DEPLOYMENT_TARGET = 17.0;
				LD_RUNPATH_SEARCH_PATHS = (
					"$(inherited)",
					"@executable_path/Frameworks",
				);
				MARKETING_VERSION = 1.0;
				PRODUCT_BUNDLE_IDENTIFIER = com.wikipedia.places.WikipediaPlaces;
				PRODUCT_NAME = "$(TARGET_NAME)";
				SWIFT_EMIT_LOC_STRINGS = YES;
				SWIFT_STRICT_CONCURRENCY = targeted;
				SWIFT_VERSION = 5.0;
				TARGETED_DEVICE_FAMILY = "1,2";
			};
			name = Debug;
		};
		4981D4812C7F4B94002BE9DF /* Release */ = {
			isa = XCBuildConfiguration;
			baseConfigurationReference = 4981D48E2C7F5463002BE9DF /* Production.xcconfig */;
			buildSettings = {
				ASSETCATALOG_COMPILER_APPICON_NAME = AppIcon;
				ASSETCATALOG_COMPILER_GLOBAL_ACCENT_COLOR_NAME = AccentColor;
				BASE_URL_PLACES = "https:/$()/raw.githubusercontent.com/abnamrocoesd/assignment-ios/";
				CODE_SIGN_STYLE = Automatic;
				CURRENT_PROJECT_VERSION = 1;
				DEVELOPMENT_ASSET_PATHS = "\"WikipediaPlaces/Preview Content\"";
				ENABLE_PREVIEWS = YES;
				GENERATE_INFOPLIST_FILE = YES;
				INFOPLIST_FILE = WikipediaPlaces/Info.plist;
				INFOPLIST_KEY_UIApplicationSceneManifest_Generation = YES;
				INFOPLIST_KEY_UIApplicationSupportsIndirectInputEvents = YES;
				INFOPLIST_KEY_UILaunchScreen_Generation = YES;
				INFOPLIST_KEY_UISupportedInterfaceOrientations_iPad = "UIInterfaceOrientationPortrait UIInterfaceOrientationPortraitUpsideDown UIInterfaceOrientationLandscapeLeft UIInterfaceOrientationLandscapeRight";
				INFOPLIST_KEY_UISupportedInterfaceOrientations_iPhone = "UIInterfaceOrientationPortrait UIInterfaceOrientationLandscapeLeft UIInterfaceOrientationLandscapeRight";
				IPHONEOS_DEPLOYMENT_TARGET = 17.0;
				LD_RUNPATH_SEARCH_PATHS = (
					"$(inherited)",
					"@executable_path/Frameworks",
				);
				MARKETING_VERSION = 1.0;
				PRODUCT_BUNDLE_IDENTIFIER = com.wikipedia.places.WikipediaPlaces;
				PRODUCT_NAME = "$(TARGET_NAME)";
				SWIFT_EMIT_LOC_STRINGS = YES;
				SWIFT_STRICT_CONCURRENCY = targeted;
				SWIFT_VERSION = 5.0;
				TARGETED_DEVICE_FAMILY = "1,2";
			};
			name = Release;
		};
		4981D4832C7F4B94002BE9DF /* Debug */ = {
			isa = XCBuildConfiguration;
			buildSettings = {
				ALWAYS_EMBED_SWIFT_STANDARD_LIBRARIES = YES;
				BUNDLE_LOADER = "$(TEST_HOST)";
				CODE_SIGN_STYLE = Automatic;
				CURRENT_PROJECT_VERSION = 1;
				GENERATE_INFOPLIST_FILE = YES;
				IPHONEOS_DEPLOYMENT_TARGET = 17.5;
				MARKETING_VERSION = 1.0;
				PRODUCT_BUNDLE_IDENTIFIER = com.wikipedia.places.WikipediaPlacesTests;
				PRODUCT_NAME = "$(TARGET_NAME)";
				SWIFT_EMIT_LOC_STRINGS = NO;
				SWIFT_VERSION = 5.0;
				TARGETED_DEVICE_FAMILY = "1,2";
				TEST_HOST = "$(BUILT_PRODUCTS_DIR)/WikipediaPlaces.app/$(BUNDLE_EXECUTABLE_FOLDER_PATH)/WikipediaPlaces";
			};
			name = Debug;
		};
		4981D4842C7F4B94002BE9DF /* Release */ = {
			isa = XCBuildConfiguration;
			buildSettings = {
				ALWAYS_EMBED_SWIFT_STANDARD_LIBRARIES = YES;
				BUNDLE_LOADER = "$(TEST_HOST)";
				CODE_SIGN_STYLE = Automatic;
				CURRENT_PROJECT_VERSION = 1;
				GENERATE_INFOPLIST_FILE = YES;
				IPHONEOS_DEPLOYMENT_TARGET = 17.5;
				MARKETING_VERSION = 1.0;
				PRODUCT_BUNDLE_IDENTIFIER = com.wikipedia.places.WikipediaPlacesTests;
				PRODUCT_NAME = "$(TARGET_NAME)";
				SWIFT_EMIT_LOC_STRINGS = NO;
				SWIFT_VERSION = 5.0;
				TARGETED_DEVICE_FAMILY = "1,2";
				TEST_HOST = "$(BUILT_PRODUCTS_DIR)/WikipediaPlaces.app/$(BUNDLE_EXECUTABLE_FOLDER_PATH)/WikipediaPlaces";
			};
			name = Release;
		};
		4981D4862C7F4B94002BE9DF /* Debug */ = {
			isa = XCBuildConfiguration;
			buildSettings = {
				ALWAYS_EMBED_SWIFT_STANDARD_LIBRARIES = YES;
				CODE_SIGN_STYLE = Automatic;
				CURRENT_PROJECT_VERSION = 1;
				GENERATE_INFOPLIST_FILE = YES;
				MARKETING_VERSION = 1.0;
				PRODUCT_BUNDLE_IDENTIFIER = com.wikipedia.places.WikipediaPlacesUITests;
				PRODUCT_NAME = "$(TARGET_NAME)";
				SWIFT_EMIT_LOC_STRINGS = NO;
				SWIFT_VERSION = 5.0;
				TARGETED_DEVICE_FAMILY = "1,2";
				TEST_TARGET_NAME = WikipediaPlaces;
			};
			name = Debug;
		};
		4981D4872C7F4B94002BE9DF /* Release */ = {
			isa = XCBuildConfiguration;
			buildSettings = {
				ALWAYS_EMBED_SWIFT_STANDARD_LIBRARIES = YES;
				CODE_SIGN_STYLE = Automatic;
				CURRENT_PROJECT_VERSION = 1;
				GENERATE_INFOPLIST_FILE = YES;
				MARKETING_VERSION = 1.0;
				PRODUCT_BUNDLE_IDENTIFIER = com.wikipedia.places.WikipediaPlacesUITests;
				PRODUCT_NAME = "$(TARGET_NAME)";
				SWIFT_EMIT_LOC_STRINGS = NO;
				SWIFT_VERSION = 5.0;
				TARGETED_DEVICE_FAMILY = "1,2";
				TEST_TARGET_NAME = WikipediaPlaces;
			};
			name = Release;
		};
/* End XCBuildConfiguration section */

/* Begin XCConfigurationList section */
		4981D4562C7F4B93002BE9DF /* Build configuration list for PBXProject "WikipediaPlaces" */ = {
			isa = XCConfigurationList;
			buildConfigurations = (
				4981D47D2C7F4B94002BE9DF /* Debug */,
				4981D47E2C7F4B94002BE9DF /* Release */,
			);
			defaultConfigurationIsVisible = 0;
			defaultConfigurationName = Release;
		};
		4981D47F2C7F4B94002BE9DF /* Build configuration list for PBXNativeTarget "WikipediaPlaces" */ = {
			isa = XCConfigurationList;
			buildConfigurations = (
				4981D4802C7F4B94002BE9DF /* Debug */,
				4981D4812C7F4B94002BE9DF /* Release */,
			);
			defaultConfigurationIsVisible = 0;
			defaultConfigurationName = Release;
		};
		4981D4822C7F4B94002BE9DF /* Build configuration list for PBXNativeTarget "WikipediaPlacesTests" */ = {
			isa = XCConfigurationList;
			buildConfigurations = (
				4981D4832C7F4B94002BE9DF /* Debug */,
				4981D4842C7F4B94002BE9DF /* Release */,
			);
			defaultConfigurationIsVisible = 0;
			defaultConfigurationName = Release;
		};
		4981D4852C7F4B94002BE9DF /* Build configuration list for PBXNativeTarget "WikipediaPlacesUITests" */ = {
			isa = XCConfigurationList;
			buildConfigurations = (
				4981D4862C7F4B94002BE9DF /* Debug */,
				4981D4872C7F4B94002BE9DF /* Release */,
			);
			defaultConfigurationIsVisible = 0;
			defaultConfigurationName = Release;
		};
/* End XCConfigurationList section */
	};
	rootObject = 4981D4532C7F4B93002BE9DF /* Project object */;
}
